
Microsoft Visual Studio Solution File, Format Version 12.00
# Visual Studio Version 17
VisualStudioVersion = 17.14.36915.13
MinimumVisualStudioVersion = 10.0.40219.1
Project("{8BC9CEB8-8B4A-11D0-8D11-00A0C91BC942}") = "z1", "z1\z1.vcxproj", "{5E22C7F6-5354-463C-9C46-CE3EEC3E073A}"
EndProject
Project("{8BC9CEB8-8B4A-11D0-8D11-00A0C91BC942}") = "z2", "z2\z2.vcxproj", "{C1E69BB6-F4C4-4707-925B-5558B98E3352}"
EndProject
Project("{8BC9CEB8-8B4A-11D0-8D11-00A0C91BC942}") = "z3", "z3\z3.vcxproj", "{17CB1B5A-0D6F-44A1-88DE-13F8310ABB99}"
EndProject
Project("{8BC9CEB8-8B4A-11D0-8D11-00A0C91BC942}") = "z4", "z4\z4.vcxproj", "{3E281A09-CCA2-41D6-9BBC-4A3A2F71DDAB}"
EndProject
Project("{8BC9CEB8-8B4A-11D0-8D11-00A0C91BC942}") = "z5", "z5\z5.vcxproj", "{F07B2D3B-92FB-4095-99AE-D62D6F8517AE}"
EndProject
Project("{8BC9CEB8-8B4A-11D0-8D11-00A0C91BC942}") = "z6", "z6\z6.vcxproj", "{23028BC0-D916-445D-853C-122F66189CF1}"
EndProject
Project("{8BC9CEB8-8B4A-11D0-8D11-00A0C91BC942}") = "z7", "z7\z7.vcxproj", "{105B0C23-F8FE-41C2-BB56-F4B27538C639}"
EndProject
Project("{8BC9CEB8-8B4A-11D0-8D11-00A0C91BC942}") = "z8", "z8\z8.vcxproj", "{581FD2E4-7122-40DA-B0B3-57166604D515}"
EndProject
Project("{8BC9CEB8-8B4A-11D0-8D11-00A0C91BC942}") = "z10", "z10\10.vcxproj", "{1974FE19-2D77-46F9-A2EC-AE5C42F5005A}"
EndProject
Project("{8BC9CEB8-8B4A-11D0-8D11-00A0C91BC942}") = "z11", "z11\z11.vcxproj", "{EF094B34-10C9-4F25-9402-55408446A048}"
EndProject
Project("{8BC9CEB8-8B4A-11D0-8D11-00A0C91BC942}") = "2z1", "2z1\2z1.vcxproj", "{A36BA35E-FE69-45B9-A3A2-566BC79E9110}"
EndProject
Project("{8BC9CEB8-8B4A-11D0-8D11-00A0C91BC942}") = "2z2", "2z2\2z2.vcxproj", "{04324FB4-8423-4BB1-B59B-888DE884CF0F}"
EndProject
Project("{8BC9CEB8-8B4A-11D0-8D11-00A0C91BC942}") = "2z3", "2z3\2z3.vcxproj", "{6416C558-063B-496C-BCAB-E8A00525823F}"
EndProject
Project("{8BC9CEB8-8B4A-11D0-8D11-00A0C91BC942}") = "2z4", "2z4\2z4.vcxproj", "{8A0FCEBB-F360-4855-B2C3-D439571BED1C}"
EndProject
Project("{8BC9CEB8-8B4A-11D0-8D11-00A0C91BC942}") = "2z5", "2z5\2z5.vcxproj", "{0DC31266-9DD7-447A-9DDF-5A8992AEB181}"
EndProject
Project("{8BC9CEB8-8B4A-11D0-8D11-00A0C91BC942}") = "2z6", "2z6\2z6.vcxproj", "{AE331D36-B97A-4D9F-A18C-57EBE2F6EA11}"
EndProject
Project("{8BC9CEB8-8B4A-11D0-8D11-00A0C91BC942}") = "2z7", "2z7\2z7.vcxproj", "{3DA54457-E442-49A9-A7E4-46BB4EACB8F5}"
EndProject
Project("{8BC9CEB8-8B4A-11D0-8D11-00A0C91BC942}") = "2z8", "2z8\2z8.vcxproj", "{E0BC424D-ED44-4851-B8A7-54BD334EF833}"
EndProject
Project("{8BC9CEB8-8B4A-11D0-8D11-00A0C91BC942}") = "2z9", "2z9\2z9.vcxproj", "{4086DEBE-756A-4632-A767-FFBAF4BFFD15}"
EndProject
Project("{8BC9CEB8-8B4A-11D0-8D11-00A0C91BC942}") = "2z10", "2z10\2z10.vcxproj", "{11B22C8E-C8F6-4EE1-8F50-9436DAD227DB}"
EndProject
Project("{8BC9CEB8-8B4A-11D0-8D11-00A0C91BC942}") = "3z1", "3z1\3z1.vcxproj", "{B163FD60-C8BA-4E8A-AA4B-294BCB90BA52}"
EndProject
Project("{8BC9CEB8-8B4A-11D0-8D11-00A0C91BC942}") = "3z2", "3z2\3z2.vcxproj", "{FD6CEF2E-F81C-451A-893E-E411E3B43A09}"
EndProject
Project("{8BC9CEB8-8B4A-11D0-8D11-00A0C91BC942}") = "3z3", "3z3\3z3.vcxproj", "{0BD511CC-3191-47F9-899C-320EFF843330}"
EndProject
Project("{8BC9CEB8-8B4A-11D0-8D11-00A0C91BC942}") = "3z4", "3z4\3z4.vcxproj", "{A5283384-B6ED-4819-9662-050B42F64414}"
EndProject
Project("{8BC9CEB8-8B4A-11D0-8D11-00A0C91BC942}") = "3z5", "3z5\3z5.vcxproj", "{9EB0B513-BC5D-49E2-87FA-A944B1D92E1C}"
EndProject
Project("{8BC9CEB8-8B4A-11D0-8D11-00A0C91BC942}") = "3z6", "3z6\3z6.vcxproj", "{314AAF6B-86F5-4CA7-9013-355BDA16D0B1}"
EndProject
Project("{8BC9CEB8-8B4A-11D0-8D11-00A0C91BC942}") = "3z7", "3z7\3z7.vcxproj", "{FC8E6F91-47EE-43A8-8A2D-F3C133AEE355}"
EndProject
Project("{8BC9CEB8-8B4A-11D0-8D11-00A0C91BC942}") = "3z8", "3z8\3z8.vcxproj", "{FEED95C7-6321-4196-B63D-18C6C7030B52}"
EndProject
Project("{8BC9CEB8-8B4A-11D0-8D11-00A0C91BC942}") = "3z10", "3z10\3z10.vcxproj", "{A817AF69-3E58-45CD-826F-446FD2BA1DDF}"
EndProject
Project("{8BC9CEB8-8B4A-11D0-8D11-00A0C91BC942}") = "4z1", "4z1\4z1.vcxproj", "{E4AE3C36-FD29-42E1-BD67-D5A6F022D38E}"
EndProject
Project("{8BC9CEB8-8B4A-11D0-8D11-00A0C91BC942}") = "4z2", "4z2\4z2.vcxproj", "{9A9985B1-4C63-4554-A53A-FFD16E6FB8CF}"
EndProject
Project("{8BC9CEB8-8B4A-11D0-8D11-00A0C91BC942}") = "4z3", "4z3\4z3.vcxproj", "{CEDE9F1D-9403-496E-99F3-32D8C70F51C8}"
EndProject
Project("{8BC9CEB8-8B4A-11D0-8D11-00A0C91BC942}") = "4z4", "4z4\4z4.vcxproj", "{DD6A2908-C8F0-40C4-8348-EF7AEFE2A3A9}"
EndProject
Project("{8BC9CEB8-8B4A-11D0-8D11-00A0C91BC942}") = "4z5", "4z5\4z5.vcxproj", "{388BC145-D7EB-41E6-B9AC-A33791CBE79B}"
EndProject
Project("{8BC9CEB8-8B4A-11D0-8D11-00A0C91BC942}") = "4z6", "4z6\4z6.vcxproj", "{976D7CA6-E527-41BD-9849-222E3596636F}"
EndProject
Project("{8BC9CEB8-8B4A-11D0-8D11-00A0C91BC942}") = "4z7", "4z7\4z7.vcxproj", "{6687E420-0A22-4B96-9497-4148E8588B9B}"
EndProject
Project("{8BC9CEB8-8B4A-11D0-8D11-00A0C91BC942}") = "4z8", "4z8\4z8.vcxproj", "{6BABA045-A393-44A8-843D-283401E6D229}"
EndProject
Project("{8BC9CEB8-8B4A-11D0-8D11-00A0C91BC942}") = "4z9", "4z9\4z9.vcxproj", "{01F7838C-1024-4D74-9A72-69BD93C38D8E}"
EndProject
Project("{8BC9CEB8-8B4A-11D0-8D11-00A0C91BC942}") = "4z10", "4z10\4z10.vcxproj", "{9C822C22-7A2A-487B-A91B-2E2EC5FF5BCB}"
EndProject
Project("{8BC9CEB8-8B4A-11D0-8D11-00A0C91BC942}") = "4z12", "4z12\4z12.vcxproj", "{398EC876-F5A7-4E0D-B8EB-75927F0121B2}"
EndProject
Project("{8BC9CEB8-8B4A-11D0-8D11-00A0C91BC942}") = "5z8", "5z8\5z8.vcxproj", "{82DC2260-B21E-42E9-88FA-86622DC0A185}"
EndProject
Project("{8BC9CEB8-8B4A-11D0-8D11-00A0C91BC942}") = "5z9", "5z9\5z9.vcxproj", "{82F6D5AA-C25F-4BF7-AA8E-10B175115BFC}"
EndProject
Project("{8BC9CEB8-8B4A-11D0-8D11-00A0C91BC942}") = "5z7", "5z7\5z7.vcxproj", "{0840A4B4-9462-4F20-8585-3FD6FADA1434}"
EndProject
Project("{8BC9CEB8-8B4A-11D0-8D11-00A0C91BC942}") = "5z1", "5z1\5z1.vcxproj", "{6C8A0C7E-8634-4F62-8AB4-95EC79CFD34E}"
EndProject
Project("{8BC9CEB8-8B4A-11D0-8D11-00A0C91BC942}") = "5z5", "5z5\5z5.vcxproj", "{A8E0211C-7CDA-4279-8620-67EE0E55858C}"
EndProject
Project("{8BC9CEB8-8B4A-11D0-8D11-00A0C91BC942}") = "5z3", "5z3\5z3.vcxproj", "{7DA2D9E5-FC4B-4B1A-A5BC-E16F24D2552F}"
EndProject
Project("{8BC9CEB8-8B4A-11D0-8D11-00A0C91BC942}") = "5z4", "5z4\5z4.vcxproj", "{222B28C7-2B5A-42C5-8145-126DE8A945E8}"
EndProject
Project("{8BC9CEB8-8B4A-11D0-8D11-00A0C91BC942}") = "6z1", "6z1\6z1.vcxproj", "{C00EAFE0-1ED1-4050-BCEA-F0DC87B06157}"
EndProject
Project("{8BC9CEB8-8B4A-11D0-8D11-00A0C91BC942}") = "6z2", "6z2\6z2.vcxproj", "{6194C27A-4553-44C9-BD49-0D8B59F9662A}"
EndProject
Project("{8BC9CEB8-8B4A-11D0-8D11-00A0C91BC942}") = "6z3", "6z3\6z3.vcxproj", "{5652AAAF-824E-4770-B642-D8814ACD0834}"
EndProject
Project("{8BC9CEB8-8B4A-11D0-8D11-00A0C91BC942}") = "kr1z1", "kr1z1\kr1z1.vcxproj", "{01E8D3B9-916E-44D9-8097-7ABC816BA42C}"
EndProject
Project("{8BC9CEB8-8B4A-11D0-8D11-00A0C91BC942}") = "kr1z2", "kr1z2\kr1z2.vcxproj", "{646AECB9-73DE-413A-B30F-2F8AE8F843AC}"
EndProject
Project("{8BC9CEB8-8B4A-11D0-8D11-00A0C91BC942}") = "6z4", "6z4\6z4.vcxproj", "{1FF38F9E-E503-4EB4-8C31-E6587180A6C1}"
EndProject
Project("{8BC9CEB8-8B4A-11D0-8D11-00A0C91BC942}") = "6z5", "6z5\6z5.vcxproj", "{FE2F3552-86E3-451B-9F73-6F319526AED3}"
EndProject
Project("{8BC9CEB8-8B4A-11D0-8D11-00A0C91BC942}") = "6z6", "6z6\6z6.vcxproj", "{ED6C1C06-BEA4-4DDB-8209-B08B4102324B}"
EndProject
Project("{8BC9CEB8-8B4A-11D0-8D11-00A0C91BC942}") = "6z7", "6z7\6z7.vcxproj", "{151C0F1B-7E98-4C66-8D94-2686E0010329}"
EndProject
Project("{8BC9CEB8-8B4A-11D0-8D11-00A0C91BC942}") = "6z8", "6z8\6z8.vcxproj", "{8A478D4C-2718-40C7-AA69-95BBD9E55136}"
EndProject
Project("{8BC9CEB8-8B4A-11D0-8D11-00A0C91BC942}") = "6z9", "6z9\6z9.vcxproj", "{7EC8E997-7279-4621-A14B-C7081BF3239F}"
EndProject
Project("{8BC9CEB8-8B4A-11D0-8D11-00A0C91BC942}") = "7z1", "7z1\7z1.vcxproj", "{2BA6CD2E-A2AA-440A-821A-C4419EAF8DF4}"
EndProject
Project("{8BC9CEB8-8B4A-11D0-8D11-00A0C91BC942}") = "7z2", "7z2\7z2.vcxproj", "{6381A4D6-907D-418D-9A03-E093EDA26CA7}"
EndProject
Project("{8BC9CEB8-8B4A-11D0-8D11-00A0C91BC942}") = "7z3", "7z3\7z3.vcxproj", "{9FF3B6F7-B2B0-4B8C-B128-9223985C8C0F}"
EndProject
Project("{8BC9CEB8-8B4A-11D0-8D11-00A0C91BC942}") = "7z4", "7z4\7z4.vcxproj", "{75E891DE-46AC-4D77-84D0-34BF1CFA3113}"
EndProject
Project("{8BC9CEB8-8B4A-11D0-8D11-00A0C91BC942}") = "7z5", "7z5\7z5.vcxproj", "{E1D593B0-EE40-48B8-B436-BA6E1ECB6678}"
EndProject
Project("{8BC9CEB8-8B4A-11D0-8D11-00A0C91BC942}") = "7z6", "7z6\7z6.vcxproj", "{B7478B0F-3057-41D4-B227-A61F7C5764A0}"
EndProject
Project("{8BC9CEB8-8B4A-11D0-8D11-00A0C91BC942}") = "7z7", "7z7\7z7.vcxproj", "{FD22476F-F38E-4ED9-8138-194AAAC50A45}"
EndProject
Project("{8BC9CEB8-8B4A-11D0-8D11-00A0C91BC942}") = "7z8", "7z8\7z8.vcxproj", "{5ED0C906-D1DF-459C-9C6E-7DC5605D9E16}"
EndProject
Project("{8BC9CEB8-8B4A-11D0-8D11-00A0C91BC942}") = "8z1", "8z1\8z1.vcxproj", "{92449591-6C9C-48CA-8290-18290DEEE3F0}"
EndProject
Project("{8BC9CEB8-8B4A-11D0-8D11-00A0C91BC942}") = "8z2", "8z2\8z2.vcxproj", "{5A7AD4D1-D4B4-4E21-900A-D8BCEAA1141E}"
EndProject
Project("{8BC9CEB8-8B4A-11D0-8D11-00A0C91BC942}") = "krList", "krList\krList.vcxproj", "{BCFABFDC-FE0C-4D99-9A66-3AA87D669BF7}"
EndProject
Project("{8BC9CEB8-8B4A-11D0-8D11-00A0C91BC942}") = "8z3", "8z3\8z3.vcxproj", "{682B9D14-0371-42C6-9573-7CFA6DAD20A9}"
EndProject
Project("{8BC9CEB8-8B4A-11D0-8D11-00A0C91BC942}") = "8z4", "8z4\8z4.vcxproj", "{F9D1314B-B6E7-4566-9D91-7831496BB4E6}"
EndProject
Project("{8BC9CEB8-8B4A-11D0-8D11-00A0C91BC942}") = "8z5", "8z5\8z5.vcxproj", "{D7E573EF-94C9-425B-B454-4AD0EE0ABB83}"
EndProject
Project("{8BC9CEB8-8B4A-11D0-8D11-00A0C91BC942}") = "kr2z1", "kr2z1\kr2z1.vcxproj", "{7E7952B5-A70E-4C79-B495-990284180E6B}"
EndProject
Project("{8BC9CEB8-8B4A-11D0-8D11-00A0C91BC942}") = "8z6", "8z6\8z6.vcxproj", "{B46A569D-DD3F-41FA-B016-3DE5446FA1D2}"
EndProject
Project("{8BC9CEB8-8B4A-11D0-8D11-00A0C91BC942}") = "15z1", "15z1\15z1.vcxproj", "{3775F4BF-161A-4BFA-9D23-9E6F4791F704}"
EndProject
Project("{8BC9CEB8-8B4A-11D0-8D11-00A0C91BC942}") = "15z2", "15z2\15z2.vcxproj", "{1122F06F-DA14-41E9-B356-1B52212BF213}"
EndProject
Project("{8BC9CEB8-8B4A-11D0-8D11-00A0C91BC942}") = "15z3", "15z3\15z3.vcxproj", "{17ED896C-45EF-4871-AFF1-011BD0BBCBF0}"
EndProject
Project("{8BC9CEB8-8B4A-11D0-8D11-00A0C91BC942}") = "15z4", "15z4\15z4.vcxproj", "{3498A293-3B66-4849-A34C-56308BF66377}"
EndProject
Project("{8BC9CEB8-8B4A-11D0-8D11-00A0C91BC942}") = "15z6", "15z6\15z6.vcxproj", "{A9778232-D161-4C49-88B6-89A356A0F9E2}"
EndProject
Project("{8BC9CEB8-8B4A-11D0-8D11-00A0C91BC942}") = "15z5", "15z5\15z5.vcxproj", "{6B2703E9-F7C3-4A18-9761-361C398FB2DD}"
EndProject
Project("{8BC9CEB8-8B4A-11D0-8D11-00A0C91BC942}") = "15z7", "15z7\15z7.vcxproj", "{C5AAC785-BD52-4303-A09D-963635791476}"
EndProject
Project("{8BC9CEB8-8B4A-11D0-8D11-00A0C91BC942}") = "14z1", "14z1\14z1.vcxproj", "{0758AC5C-5B54-4ECB-A9C0-D03517C7EC8C}"
EndProject
Project("{8BC9CEB8-8B4A-11D0-8D11-00A0C91BC942}") = "14z2", "14z2\14z2.vcxproj", "{DF70A023-1EAB-455B-A215-9F998A4AC6AB}"
EndProject
Project("{8BC9CEB8-8B4A-11D0-8D11-00A0C91BC942}") = "14z3", "14z3\14z3.vcxproj", "{B3C3B27C-1167-403C-AFBE-0518EFA131D8}"
EndProject
Project("{8BC9CEB8-8B4A-11D0-8D11-00A0C91BC942}") = "14z5", "14z5\14z5.vcxproj", "{CBBD2C9E-1C13-4BA2-AFE2-39635BFE303F}"
EndProject
Project("{8BC9CEB8-8B4A-11D0-8D11-00A0C91BC942}") = "14z6", "14z6\14z6.vcxproj", "{A55E27A0-1F33-447E-B434-8B1CE46DF276}"
EndProject
Project("{8BC9CEB8-8B4A-11D0-8D11-00A0C91BC942}") = "14z9", "14z9\14z9.vcxproj", "{998543D2-3D59-41F9-B027-FC8EB4032889}"
EndProject
Project("{8BC9CEB8-8B4A-11D0-8D11-00A0C91BC942}") = "13z1", "13z1\13z1.vcxproj", "{35583BAA-9495-4F14-8116-0F472FB80736}"
EndProject
Project("{8BC9CEB8-8B4A-11D0-8D11-00A0C91BC942}") = "13z2", "13z2\13z2.vcxproj", "{E0B0B4AE-3294-4520-826E-0651B9D3F219}"
EndProject
Project("{8BC9CEB8-8B4A-11D0-8D11-00A0C91BC942}") = "13z3", "13z3\13z3.vcxproj", "{0EEDE005-A182-48F9-A276-A91986A7B43C}"
EndProject
Project("{8BC9CEB8-8B4A-11D0-8D11-00A0C91BC942}") = "13z4", "13z4\13z4.vcxproj", "{BD03F51F-2D72-45F7-B315-1C81ECE9C87A}"
EndProject
Project("{8BC9CEB8-8B4A-11D0-8D11-00A0C91BC942}") = "13z5", "13z5\13z5.vcxproj", "{A7F956E6-6881-46DB-8FE7-513B7967BF5E}"
EndProject
Project("{8BC9CEB8-8B4A-11D0-8D11-00A0C91BC942}") = "13z6", "13z6\13z6.vcxproj", "{06FB0026-DDAC-4FB7-9577-17F11D2703DB}"
EndProject
Project("{8BC9CEB8-8B4A-11D0-8D11-00A0C91BC942}") = "13z7", "13z7\13z7.vcxproj", "{C7914C9C-BBEF-47F7-8E9A-BEF82EE5DF4B}"
EndProject
Project("{8BC9CEB8-8B4A-11D0-8D11-00A0C91BC942}") = "13z8", "13z8\13z8.vcxproj", "{115B9F37-64B8-4A0C-B2BA-7785DD730C12}"
EndProject
Project("{8BC9CEB8-8B4A-11D0-8D11-00A0C91BC942}") = "15z8", "15z8\15z8.vcxproj", "{8024E129-D1C0-4EEE-9985-D6EA9D3E1F9C}"
EndProject
Project("{8BC9CEB8-8B4A-11D0-8D11-00A0C91BC942}") = "kyrsovai", "kyrsovai\kyrsovai.vcxproj", "{3D9FA405-E048-4EC7-8A1D-F973E6FE4165}"
EndProject
Project("{8BC9CEB8-8B4A-11D0-8D11-00A0C91BC942}") = "14z7", "14z7\14z7.vcxproj", "{8CA5A876-F2A6-4556-B8E1-2B84EBF01629}"
EndProject
Global
	GlobalSection(SolutionConfigurationPlatforms) = preSolution
		Debug|x64 = Debug|x64
		Debug|x86 = Debug|x86
		Release|x64 = Release|x64
		Release|x86 = Release|x86
	EndGlobalSection
	GlobalSection(ProjectConfigurationPlatforms) = postSolution
		{5E22C7F6-5354-463C-9C46-CE3EEC3E073A}.Debug|x64.ActiveCfg = Debug|x64
		{5E22C7F6-5354-463C-9C46-CE3EEC3E073A}.Debug|x64.Build.0 = Debug|x64
		{5E22C7F6-5354-463C-9C46-CE3EEC3E073A}.Debug|x86.ActiveCfg = Debug|Win32
		{5E22C7F6-5354-463C-9C46-CE3EEC3E073A}.Debug|x86.Build.0 = Debug|Win32
		{5E22C7F6-5354-463C-9C46-CE3EEC3E073A}.Release|x64.ActiveCfg = Release|x64
		{5E22C7F6-5354-463C-9C46-CE3EEC3E073A}.Release|x64.Build.0 = Release|x64
		{5E22C7F6-5354-463C-9C46-CE3EEC3E073A}.Release|x86.ActiveCfg = Release|Win32
		{5E22C7F6-5354-463C-9C46-CE3EEC3E073A}.Release|x86.Build.0 = Release|Win32
		{C1E69BB6-F4C4-4707-925B-5558B98E3352}.Debug|x64.ActiveCfg = Debug|x64
		{C1E69BB6-F4C4-4707-925B-5558B98E3352}.Debug|x64.Build.0 = Debug|x64
		{C1E69BB6-F4C4-4707-925B-5558B98E3352}.Debug|x86.ActiveCfg = Debug|Win32
		{C1E69BB6-F4C4-4707-925B-5558B98E3352}.Debug|x86.Build.0 = Debug|Win32
		{C1E69BB6-F4C4-4707-925B-5558B98E3352}.Release|x64.ActiveCfg = Release|x64
		{C1E69BB6-F4C4-4707-925B-5558B98E3352}.Release|x64.Build.0 = Release|x64
		{C1E69BB6-F4C4-4707-925B-5558B98E3352}.Release|x86.ActiveCfg = Release|Win32
		{C1E69BB6-F4C4-4707-925B-5558B98E3352}.Release|x86.Build.0 = Release|Win32
		{17CB1B5A-0D6F-44A1-88DE-13F8310ABB99}.Debug|x64.ActiveCfg = Debug|x64
		{17CB1B5A-0D6F-44A1-88DE-13F8310ABB99}.Debug|x64.Build.0 = Debug|x64
		{17CB1B5A-0D6F-44A1-88DE-13F8310ABB99}.Debug|x86.ActiveCfg = Debug|Win32
		{17CB1B5A-0D6F-44A1-88DE-13F8310ABB99}.Debug|x86.Build.0 = Debug|Win32
		{17CB1B5A-0D6F-44A1-88DE-13F8310ABB99}.Release|x64.ActiveCfg = Release|x64
		{17CB1B5A-0D6F-44A1-88DE-13F8310ABB99}.Release|x64.Build.0 = Release|x64
		{17CB1B5A-0D6F-44A1-88DE-13F8310ABB99}.Release|x86.ActiveCfg = Release|Win32
		{17CB1B5A-0D6F-44A1-88DE-13F8310ABB99}.Release|x86.Build.0 = Release|Win32
		{3E281A09-CCA2-41D6-9BBC-4A3A2F71DDAB}.Debug|x64.ActiveCfg = Debug|x64
		{3E281A09-CCA2-41D6-9BBC-4A3A2F71DDAB}.Debug|x64.Build.0 = Debug|x64
		{3E281A09-CCA2-41D6-9BBC-4A3A2F71DDAB}.Debug|x86.ActiveCfg = Debug|Win32
		{3E281A09-CCA2-41D6-9BBC-4A3A2F71DDAB}.Debug|x86.Build.0 = Debug|Win32
		{3E281A09-CCA2-41D6-9BBC-4A3A2F71DDAB}.Release|x64.ActiveCfg = Release|x64
		{3E281A09-CCA2-41D6-9BBC-4A3A2F71DDAB}.Release|x64.Build.0 = Release|x64
		{3E281A09-CCA2-41D6-9BBC-4A3A2F71DDAB}.Release|x86.ActiveCfg = Release|Win32
		{3E281A09-CCA2-41D6-9BBC-4A3A2F71DDAB}.Release|x86.Build.0 = Release|Win32
		{F07B2D3B-92FB-4095-99AE-D62D6F8517AE}.Debug|x64.ActiveCfg = Debug|x64
		{F07B2D3B-92FB-4095-99AE-D62D6F8517AE}.Debug|x64.Build.0 = Debug|x64
		{F07B2D3B-92FB-4095-99AE-D62D6F8517AE}.Debug|x86.ActiveCfg = Debug|Win32
		{F07B2D3B-92FB-4095-99AE-D62D6F8517AE}.Debug|x86.Build.0 = Debug|Win32
		{F07B2D3B-92FB-4095-99AE-D62D6F8517AE}.Release|x64.ActiveCfg = Release|x64
		{F07B2D3B-92FB-4095-99AE-D62D6F8517AE}.Release|x64.Build.0 = Release|x64
		{F07B2D3B-92FB-4095-99AE-D62D6F8517AE}.Release|x86.ActiveCfg = Release|Win32
		{F07B2D3B-92FB-4095-99AE-D62D6F8517AE}.Release|x86.Build.0 = Release|Win32
		{23028BC0-D916-445D-853C-122F66189CF1}.Debug|x64.ActiveCfg = Debug|x64
		{23028BC0-D916-445D-853C-122F66189CF1}.Debug|x64.Build.0 = Debug|x64
		{23028BC0-D916-445D-853C-122F66189CF1}.Debug|x86.ActiveCfg = Debug|Win32
		{23028BC0-D916-445D-853C-122F66189CF1}.Debug|x86.Build.0 = Debug|Win32
		{23028BC0-D916-445D-853C-122F66189CF1}.Release|x64.ActiveCfg = Release|x64
		{23028BC0-D916-445D-853C-122F66189CF1}.Release|x64.Build.0 = Release|x64
		{23028BC0-D916-445D-853C-122F66189CF1}.Release|x86.ActiveCfg = Release|Win32
		{23028BC0-D916-445D-853C-122F66189CF1}.Release|x86.Build.0 = Release|Win32
		{105B0C23-F8FE-41C2-BB56-F4B27538C639}.Debug|x64.ActiveCfg = Debug|x64
		{105B0C23-F8FE-41C2-BB56-F4B27538C639}.Debug|x64.Build.0 = Debug|x64
		{105B0C23-F8FE-41C2-BB56-F4B27538C639}.Debug|x86.ActiveCfg = Debug|Win32
		{105B0C23-F8FE-41C2-BB56-F4B27538C639}.Debug|x86.Build.0 = Debug|Win32
		{105B0C23-F8FE-41C2-BB56-F4B27538C639}.Release|x64.ActiveCfg = Release|x64
		{105B0C23-F8FE-41C2-BB56-F4B27538C639}.Release|x64.Build.0 = Release|x64
		{105B0C23-F8FE-41C2-BB56-F4B27538C639}.Release|x86.ActiveCfg = Release|Win32
		{105B0C23-F8FE-41C2-BB56-F4B27538C639}.Release|x86.Build.0 = Release|Win32
		{581FD2E4-7122-40DA-B0B3-57166604D515}.Debug|x64.ActiveCfg = Debug|x64
		{581FD2E4-7122-40DA-B0B3-57166604D515}.Debug|x64.Build.0 = Debug|x64
		{581FD2E4-7122-40DA-B0B3-57166604D515}.Debug|x86.ActiveCfg = Debug|Win32
		{581FD2E4-7122-40DA-B0B3-57166604D515}.Debug|x86.Build.0 = Debug|Win32
		{581FD2E4-7122-40DA-B0B3-57166604D515}.Release|x64.ActiveCfg = Release|x64
		{581FD2E4-7122-40DA-B0B3-57166604D515}.Release|x64.Build.0 = Release|x64
		{581FD2E4-7122-40DA-B0B3-57166604D515}.Release|x86.ActiveCfg = Release|Win32
		{581FD2E4-7122-40DA-B0B3-57166604D515}.Release|x86.Build.0 = Release|Win32
		{1974FE19-2D77-46F9-A2EC-AE5C42F5005A}.Debug|x64.ActiveCfg = Debug|x64
		{1974FE19-2D77-46F9-A2EC-AE5C42F5005A}.Debug|x64.Build.0 = Debug|x64
		{1974FE19-2D77-46F9-A2EC-AE5C42F5005A}.Debug|x86.ActiveCfg = Debug|Win32
		{1974FE19-2D77-46F9-A2EC-AE5C42F5005A}.Debug|x86.Build.0 = Debug|Win32
		{1974FE19-2D77-46F9-A2EC-AE5C42F5005A}.Release|x64.ActiveCfg = Release|x64
		{1974FE19-2D77-46F9-A2EC-AE5C42F5005A}.Release|x64.Build.0 = Release|x64
		{1974FE19-2D77-46F9-A2EC-AE5C42F5005A}.Release|x86.ActiveCfg = Release|Win32
		{1974FE19-2D77-46F9-A2EC-AE5C42F5005A}.Release|x86.Build.0 = Release|Win32
		{EF094B34-10C9-4F25-9402-55408446A048}.Debug|x64.ActiveCfg = Debug|x64
		{EF094B34-10C9-4F25-9402-55408446A048}.Debug|x64.Build.0 = Debug|x64
		{EF094B34-10C9-4F25-9402-55408446A048}.Debug|x86.ActiveCfg = Debug|Win32
		{EF094B34-10C9-4F25-9402-55408446A048}.Debug|x86.Build.0 = Debug|Win32
		{EF094B34-10C9-4F25-9402-55408446A048}.Release|x64.ActiveCfg = Release|x64
		{EF094B34-10C9-4F25-9402-55408446A048}.Release|x64.Build.0 = Release|x64
		{EF094B34-10C9-4F25-9402-55408446A048}.Release|x86.ActiveCfg = Release|Win32
		{EF094B34-10C9-4F25-9402-55408446A048}.Release|x86.Build.0 = Release|Win32
		{A36BA35E-FE69-45B9-A3A2-566BC79E9110}.Debug|x64.ActiveCfg = Debug|x64
		{A36BA35E-FE69-45B9-A3A2-566BC79E9110}.Debug|x64.Build.0 = Debug|x64
		{A36BA35E-FE69-45B9-A3A2-566BC79E9110}.Debug|x86.ActiveCfg = Debug|Win32
		{A36BA35E-FE69-45B9-A3A2-566BC79E9110}.Debug|x86.Build.0 = Debug|Win32
		{A36BA35E-FE69-45B9-A3A2-566BC79E9110}.Release|x64.ActiveCfg = Release|x64
		{A36BA35E-FE69-45B9-A3A2-566BC79E9110}.Release|x64.Build.0 = Release|x64
		{A36BA35E-FE69-45B9-A3A2-566BC79E9110}.Release|x86.ActiveCfg = Release|Win32
		{A36BA35E-FE69-45B9-A3A2-566BC79E9110}.Release|x86.Build.0 = Release|Win32
		{04324FB4-8423-4BB1-B59B-888DE884CF0F}.Debug|x64.ActiveCfg = Debug|x64
		{04324FB4-8423-4BB1-B59B-888DE884CF0F}.Debug|x64.Build.0 = Debug|x64
		{04324FB4-8423-4BB1-B59B-888DE884CF0F}.Debug|x86.ActiveCfg = Debug|Win32
		{04324FB4-8423-4BB1-B59B-888DE884CF0F}.Debug|x86.Build.0 = Debug|Win32
		{04324FB4-8423-4BB1-B59B-888DE884CF0F}.Release|x64.ActiveCfg = Release|x64
		{04324FB4-8423-4BB1-B59B-888DE884CF0F}.Release|x64.Build.0 = Release|x64
		{04324FB4-8423-4BB1-B59B-888DE884CF0F}.Release|x86.ActiveCfg = Release|Win32
		{04324FB4-8423-4BB1-B59B-888DE884CF0F}.Release|x86.Build.0 = Release|Win32
		{6416C558-063B-496C-BCAB-E8A00525823F}.Debug|x64.ActiveCfg = Debug|x64
		{6416C558-063B-496C-BCAB-E8A00525823F}.Debug|x64.Build.0 = Debug|x64
		{6416C558-063B-496C-BCAB-E8A00525823F}.Debug|x86.ActiveCfg = Debug|Win32
		{6416C558-063B-496C-BCAB-E8A00525823F}.Debug|x86.Build.0 = Debug|Win32
		{6416C558-063B-496C-BCAB-E8A00525823F}.Release|x64.ActiveCfg = Release|x64
		{6416C558-063B-496C-BCAB-E8A00525823F}.Release|x64.Build.0 = Release|x64
		{6416C558-063B-496C-BCAB-E8A00525823F}.Release|x86.ActiveCfg = Release|Win32
		{6416C558-063B-496C-BCAB-E8A00525823F}.Release|x86.Build.0 = Release|Win32
		{8A0FCEBB-F360-4855-B2C3-D439571BED1C}.Debug|x64.ActiveCfg = Debug|x64
		{8A0FCEBB-F360-4855-B2C3-D439571BED1C}.Debug|x64.Build.0 = Debug|x64
		{8A0FCEBB-F360-4855-B2C3-D439571BED1C}.Debug|x86.ActiveCfg = Debug|Win32
		{8A0FCEBB-F360-4855-B2C3-D439571BED1C}.Debug|x86.Build.0 = Debug|Win32
		{8A0FCEBB-F360-4855-B2C3-D439571BED1C}.Release|x64.ActiveCfg = Release|x64
		{8A0FCEBB-F360-4855-B2C3-D439571BED1C}.Release|x64.Build.0 = Release|x64
		{8A0FCEBB-F360-4855-B2C3-D439571BED1C}.Release|x86.ActiveCfg = Release|Win32
		{8A0FCEBB-F360-4855-B2C3-D439571BED1C}.Release|x86.Build.0 = Release|Win32
		{0DC31266-9DD7-447A-9DDF-5A8992AEB181}.Debug|x64.ActiveCfg = Debug|x64
		{0DC31266-9DD7-447A-9DDF-5A8992AEB181}.Debug|x64.Build.0 = Debug|x64
		{0DC31266-9DD7-447A-9DDF-5A8992AEB181}.Debug|x86.ActiveCfg = Debug|Win32
		{0DC31266-9DD7-447A-9DDF-5A8992AEB181}.Debug|x86.Build.0 = Debug|Win32
		{0DC31266-9DD7-447A-9DDF-5A8992AEB181}.Release|x64.ActiveCfg = Release|x64
		{0DC31266-9DD7-447A-9DDF-5A8992AEB181}.Release|x64.Build.0 = Release|x64
		{0DC31266-9DD7-447A-9DDF-5A8992AEB181}.Release|x86.ActiveCfg = Release|Win32
		{0DC31266-9DD7-447A-9DDF-5A8992AEB181}.Release|x86.Build.0 = Release|Win32
		{AE331D36-B97A-4D9F-A18C-57EBE2F6EA11}.Debug|x64.ActiveCfg = Debug|x64
		{AE331D36-B97A-4D9F-A18C-57EBE2F6EA11}.Debug|x64.Build.0 = Debug|x64
		{AE331D36-B97A-4D9F-A18C-57EBE2F6EA11}.Debug|x86.ActiveCfg = Debug|Win32
		{AE331D36-B97A-4D9F-A18C-57EBE2F6EA11}.Debug|x86.Build.0 = Debug|Win32
		{AE331D36-B97A-4D9F-A18C-57EBE2F6EA11}.Release|x64.ActiveCfg = Release|x64
		{AE331D36-B97A-4D9F-A18C-57EBE2F6EA11}.Release|x64.Build.0 = Release|x64
		{AE331D36-B97A-4D9F-A18C-57EBE2F6EA11}.Release|x86.ActiveCfg = Release|Win32
		{AE331D36-B97A-4D9F-A18C-57EBE2F6EA11}.Release|x86.Build.0 = Release|Win32
		{3DA54457-E442-49A9-A7E4-46BB4EACB8F5}.Debug|x64.ActiveCfg = Debug|x64
		{3DA54457-E442-49A9-A7E4-46BB4EACB8F5}.Debug|x64.Build.0 = Debug|x64
		{3DA54457-E442-49A9-A7E4-46BB4EACB8F5}.Debug|x86.ActiveCfg = Debug|Win32
		{3DA54457-E442-49A9-A7E4-46BB4EACB8F5}.Debug|x86.Build.0 = Debug|Win32
		{3DA54457-E442-49A9-A7E4-46BB4EACB8F5}.Release|x64.ActiveCfg = Release|x64
		{3DA54457-E442-49A9-A7E4-46BB4EACB8F5}.Release|x64.Build.0 = Release|x64
		{3DA54457-E442-49A9-A7E4-46BB4EACB8F5}.Release|x86.ActiveCfg = Release|Win32
		{3DA54457-E442-49A9-A7E4-46BB4EACB8F5}.Release|x86.Build.0 = Release|Win32
		{E0BC424D-ED44-4851-B8A7-54BD334EF833}.Debug|x64.ActiveCfg = Debug|x64
		{E0BC424D-ED44-4851-B8A7-54BD334EF833}.Debug|x64.Build.0 = Debug|x64
		{E0BC424D-ED44-4851-B8A7-54BD334EF833}.Debug|x86.ActiveCfg = Debug|Win32
		{E0BC424D-ED44-4851-B8A7-54BD334EF833}.Debug|x86.Build.0 = Debug|Win32
		{E0BC424D-ED44-4851-B8A7-54BD334EF833}.Release|x64.ActiveCfg = Release|x64
		{E0BC424D-ED44-4851-B8A7-54BD334EF833}.Release|x64.Build.0 = Release|x64
		{E0BC424D-ED44-4851-B8A7-54BD334EF833}.Release|x86.ActiveCfg = Release|Win32
		{E0BC424D-ED44-4851-B8A7-54BD334EF833}.Release|x86.Build.0 = Release|Win32
		{4086DEBE-756A-4632-A767-FFBAF4BFFD15}.Debug|x64.ActiveCfg = Debug|x64
		{4086DEBE-756A-4632-A767-FFBAF4BFFD15}.Debug|x64.Build.0 = Debug|x64
		{4086DEBE-756A-4632-A767-FFBAF4BFFD15}.Debug|x86.ActiveCfg = Debug|Win32
		{4086DEBE-756A-4632-A767-FFBAF4BFFD15}.Debug|x86.Build.0 = Debug|Win32
		{4086DEBE-756A-4632-A767-FFBAF4BFFD15}.Release|x64.ActiveCfg = Release|x64
		{4086DEBE-756A-4632-A767-FFBAF4BFFD15}.Release|x64.Build.0 = Release|x64
		{4086DEBE-756A-4632-A767-FFBAF4BFFD15}.Release|x86.ActiveCfg = Release|Win32
		{4086DEBE-756A-4632-A767-FFBAF4BFFD15}.Release|x86.Build.0 = Release|Win32
		{11B22C8E-C8F6-4EE1-8F50-9436DAD227DB}.Debug|x64.ActiveCfg = Debug|x64
		{11B22C8E-C8F6-4EE1-8F50-9436DAD227DB}.Debug|x64.Build.0 = Debug|x64
		{11B22C8E-C8F6-4EE1-8F50-9436DAD227DB}.Debug|x86.ActiveCfg = Debug|Win32
		{11B22C8E-C8F6-4EE1-8F50-9436DAD227DB}.Debug|x86.Build.0 = Debug|Win32
		{11B22C8E-C8F6-4EE1-8F50-9436DAD227DB}.Release|x64.ActiveCfg = Release|x64
		{11B22C8E-C8F6-4EE1-8F50-9436DAD227DB}.Release|x64.Build.0 = Release|x64
		{11B22C8E-C8F6-4EE1-8F50-9436DAD227DB}.Release|x86.ActiveCfg = Release|Win32
		{11B22C8E-C8F6-4EE1-8F50-9436DAD227DB}.Release|x86.Build.0 = Release|Win32
		{B163FD60-C8BA-4E8A-AA4B-294BCB90BA52}.Debug|x64.ActiveCfg = Debug|x64
		{B163FD60-C8BA-4E8A-AA4B-294BCB90BA52}.Debug|x64.Build.0 = Debug|x64
		{B163FD60-C8BA-4E8A-AA4B-294BCB90BA52}.Debug|x86.ActiveCfg = Debug|Win32
		{B163FD60-C8BA-4E8A-AA4B-294BCB90BA52}.Debug|x86.Build.0 = Debug|Win32
		{B163FD60-C8BA-4E8A-AA4B-294BCB90BA52}.Release|x64.ActiveCfg = Release|x64
		{B163FD60-C8BA-4E8A-AA4B-294BCB90BA52}.Release|x64.Build.0 = Release|x64
		{B163FD60-C8BA-4E8A-AA4B-294BCB90BA52}.Release|x86.ActiveCfg = Release|Win32
		{B163FD60-C8BA-4E8A-AA4B-294BCB90BA52}.Release|x86.Build.0 = Release|Win32
		{FD6CEF2E-F81C-451A-893E-E411E3B43A09}.Debug|x64.ActiveCfg = Debug|x64
		{FD6CEF2E-F81C-451A-893E-E411E3B43A09}.Debug|x64.Build.0 = Debug|x64
		{FD6CEF2E-F81C-451A-893E-E411E3B43A09}.Debug|x86.ActiveCfg = Debug|Win32
		{FD6CEF2E-F81C-451A-893E-E411E3B43A09}.Debug|x86.Build.0 = Debug|Win32
		{FD6CEF2E-F81C-451A-893E-E411E3B43A09}.Release|x64.ActiveCfg = Release|x64
		{FD6CEF2E-F81C-451A-893E-E411E3B43A09}.Release|x64.Build.0 = Release|x64
		{FD6CEF2E-F81C-451A-893E-E411E3B43A09}.Release|x86.ActiveCfg = Release|Win32
		{FD6CEF2E-F81C-451A-893E-E411E3B43A09}.Release|x86.Build.0 = Release|Win32
		{0BD511CC-3191-47F9-899C-320EFF843330}.Debug|x64.ActiveCfg = Debug|x64
		{0BD511CC-3191-47F9-899C-320EFF843330}.Debug|x64.Build.0 = Debug|x64
		{0BD511CC-3191-47F9-899C-320EFF843330}.Debug|x86.ActiveCfg = Debug|Win32
		{0BD511CC-3191-47F9-899C-320EFF843330}.Debug|x86.Build.0 = Debug|Win32
		{0BD511CC-3191-47F9-899C-320EFF843330}.Release|x64.ActiveCfg = Release|x64
		{0BD511CC-3191-47F9-899C-320EFF843330}.Release|x64.Build.0 = Release|x64
		{0BD511CC-3191-47F9-899C-320EFF843330}.Release|x86.ActiveCfg = Release|Win32
		{0BD511CC-3191-47F9-899C-320EFF843330}.Release|x86.Build.0 = Release|Win32
		{A5283384-B6ED-4819-9662-050B42F64414}.Debug|x64.ActiveCfg = Debug|x64
		{A5283384-B6ED-4819-9662-050B42F64414}.Debug|x64.Build.0 = Debug|x64
		{A5283384-B6ED-4819-9662-050B42F64414}.Debug|x86.ActiveCfg = Debug|Win32
		{A5283384-B6ED-4819-9662-050B42F64414}.Debug|x86.Build.0 = Debug|Win32
		{A5283384-B6ED-4819-9662-050B42F64414}.Release|x64.ActiveCfg = Release|x64
		{A5283384-B6ED-4819-9662-050B42F64414}.Release|x64.Build.0 = Release|x64
		{A5283384-B6ED-4819-9662-050B42F64414}.Release|x86.ActiveCfg = Release|Win32
		{A5283384-B6ED-4819-9662-050B42F64414}.Release|x86.Build.0 = Release|Win32
		{9EB0B513-BC5D-49E2-87FA-A944B1D92E1C}.Debug|x64.ActiveCfg = Debug|x64
		{9EB0B513-BC5D-49E2-87FA-A944B1D92E1C}.Debug|x64.Build.0 = Debug|x64
		{9EB0B513-BC5D-49E2-87FA-A944B1D92E1C}.Debug|x86.ActiveCfg = Debug|Win32
		{9EB0B513-BC5D-49E2-87FA-A944B1D92E1C}.Debug|x86.Build.0 = Debug|Win32
		{9EB0B513-BC5D-49E2-87FA-A944B1D92E1C}.Release|x64.ActiveCfg = Release|x64
		{9EB0B513-BC5D-49E2-87FA-A944B1D92E1C}.Release|x64.Build.0 = Release|x64
		{9EB0B513-BC5D-49E2-87FA-A944B1D92E1C}.Release|x86.ActiveCfg = Release|Win32
		{9EB0B513-BC5D-49E2-87FA-A944B1D92E1C}.Release|x86.Build.0 = Release|Win32
		{314AAF6B-86F5-4CA7-9013-355BDA16D0B1}.Debug|x64.ActiveCfg = Debug|x64
		{314AAF6B-86F5-4CA7-9013-355BDA16D0B1}.Debug|x64.Build.0 = Debug|x64
		{314AAF6B-86F5-4CA7-9013-355BDA16D0B1}.Debug|x86.ActiveCfg = Debug|Win32
		{314AAF6B-86F5-4CA7-9013-355BDA16D0B1}.Debug|x86.Build.0 = Debug|Win32
		{314AAF6B-86F5-4CA7-9013-355BDA16D0B1}.Release|x64.ActiveCfg = Release|x64
		{314AAF6B-86F5-4CA7-9013-355BDA16D0B1}.Release|x64.Build.0 = Release|x64
		{314AAF6B-86F5-4CA7-9013-355BDA16D0B1}.Release|x86.ActiveCfg = Release|Win32
		{314AAF6B-86F5-4CA7-9013-355BDA16D0B1}.Release|x86.Build.0 = Release|Win32
		{FC8E6F91-47EE-43A8-8A2D-F3C133AEE355}.Debug|x64.ActiveCfg = Debug|x64
		{FC8E6F91-47EE-43A8-8A2D-F3C133AEE355}.Debug|x64.Build.0 = Debug|x64
		{FC8E6F91-47EE-43A8-8A2D-F3C133AEE355}.Debug|x86.ActiveCfg = Debug|Win32
		{FC8E6F91-47EE-43A8-8A2D-F3C133AEE355}.Debug|x86.Build.0 = Debug|Win32
		{FC8E6F91-47EE-43A8-8A2D-F3C133AEE355}.Release|x64.ActiveCfg = Release|x64
		{FC8E6F91-47EE-43A8-8A2D-F3C133AEE355}.Release|x64.Build.0 = Release|x64
		{FC8E6F91-47EE-43A8-8A2D-F3C133AEE355}.Release|x86.ActiveCfg = Release|Win32
		{FC8E6F91-47EE-43A8-8A2D-F3C133AEE355}.Release|x86.Build.0 = Release|Win32
		{FEED95C7-6321-4196-B63D-18C6C7030B52}.Debug|x64.ActiveCfg = Debug|x64
		{FEED95C7-6321-4196-B63D-18C6C7030B52}.Debug|x64.Build.0 = Debug|x64
		{FEED95C7-6321-4196-B63D-18C6C7030B52}.Debug|x86.ActiveCfg = Debug|Win32
		{FEED95C7-6321-4196-B63D-18C6C7030B52}.Debug|x86.Build.0 = Debug|Win32
		{FEED95C7-6321-4196-B63D-18C6C7030B52}.Release|x64.ActiveCfg = Release|x64
		{FEED95C7-6321-4196-B63D-18C6C7030B52}.Release|x64.Build.0 = Release|x64
		{FEED95C7-6321-4196-B63D-18C6C7030B52}.Release|x86.ActiveCfg = Release|Win32
		{FEED95C7-6321-4196-B63D-18C6C7030B52}.Release|x86.Build.0 = Release|Win32
		{A817AF69-3E58-45CD-826F-446FD2BA1DDF}.Debug|x64.ActiveCfg = Debug|x64
		{A817AF69-3E58-45CD-826F-446FD2BA1DDF}.Debug|x64.Build.0 = Debug|x64
		{A817AF69-3E58-45CD-826F-446FD2BA1DDF}.Debug|x86.ActiveCfg = Debug|Win32
		{A817AF69-3E58-45CD-826F-446FD2BA1DDF}.Debug|x86.Build.0 = Debug|Win32
		{A817AF69-3E58-45CD-826F-446FD2BA1DDF}.Release|x64.ActiveCfg = Release|x64
		{A817AF69-3E58-45CD-826F-446FD2BA1DDF}.Release|x64.Build.0 = Release|x64
		{A817AF69-3E58-45CD-826F-446FD2BA1DDF}.Release|x86.ActiveCfg = Release|Win32
		{A817AF69-3E58-45CD-826F-446FD2BA1DDF}.Release|x86.Build.0 = Release|Win32
		{E4AE3C36-FD29-42E1-BD67-D5A6F022D38E}.Debug|x64.ActiveCfg = Debug|x64
		{E4AE3C36-FD29-42E1-BD67-D5A6F022D38E}.Debug|x64.Build.0 = Debug|x64
		{E4AE3C36-FD29-42E1-BD67-D5A6F022D38E}.Debug|x86.ActiveCfg = Debug|Win32
		{E4AE3C36-FD29-42E1-BD67-D5A6F022D38E}.Debug|x86.Build.0 = Debug|Win32
		{E4AE3C36-FD29-42E1-BD67-D5A6F022D38E}.Release|x64.ActiveCfg = Release|x64
		{E4AE3C36-FD29-42E1-BD67-D5A6F022D38E}.Release|x64.Build.0 = Release|x64
		{E4AE3C36-FD29-42E1-BD67-D5A6F022D38E}.Release|x86.ActiveCfg = Release|Win32
		{E4AE3C36-FD29-42E1-BD67-D5A6F022D38E}.Release|x86.Build.0 = Release|Win32
		{9A9985B1-4C63-4554-A53A-FFD16E6FB8CF}.Debug|x64.ActiveCfg = Debug|x64
		{9A9985B1-4C63-4554-A53A-FFD16E6FB8CF}.Debug|x64.Build.0 = Debug|x64
		{9A9985B1-4C63-4554-A53A-FFD16E6FB8CF}.Debug|x86.ActiveCfg = Debug|Win32
		{9A9985B1-4C63-4554-A53A-FFD16E6FB8CF}.Debug|x86.Build.0 = Debug|Win32
		{9A9985B1-4C63-4554-A53A-FFD16E6FB8CF}.Release|x64.ActiveCfg = Release|x64
		{9A9985B1-4C63-4554-A53A-FFD16E6FB8CF}.Release|x64.Build.0 = Release|x64
		{9A9985B1-4C63-4554-A53A-FFD16E6FB8CF}.Release|x86.ActiveCfg = Release|Win32
		{9A9985B1-4C63-4554-A53A-FFD16E6FB8CF}.Release|x86.Build.0 = Release|Win32
		{CEDE9F1D-9403-496E-99F3-32D8C70F51C8}.Debug|x64.ActiveCfg = Debug|x64
		{CEDE9F1D-9403-496E-99F3-32D8C70F51C8}.Debug|x64.Build.0 = Debug|x64
		{CEDE9F1D-9403-496E-99F3-32D8C70F51C8}.Debug|x86.ActiveCfg = Debug|Win32
		{CEDE9F1D-9403-496E-99F3-32D8C70F51C8}.Debug|x86.Build.0 = Debug|Win32
		{CEDE9F1D-9403-496E-99F3-32D8C70F51C8}.Release|x64.ActiveCfg = Release|x64
		{CEDE9F1D-9403-496E-99F3-32D8C70F51C8}.Release|x64.Build.0 = Release|x64
		{CEDE9F1D-9403-496E-99F3-32D8C70F51C8}.Release|x86.ActiveCfg = Release|Win32
		{CEDE9F1D-9403-496E-99F3-32D8C70F51C8}.Release|x86.Build.0 = Release|Win32
		{DD6A2908-C8F0-40C4-8348-EF7AEFE2A3A9}.Debug|x64.ActiveCfg = Debug|x64
		{DD6A2908-C8F0-40C4-8348-EF7AEFE2A3A9}.Debug|x64.Build.0 = Debug|x64
		{DD6A2908-C8F0-40C4-8348-EF7AEFE2A3A9}.Debug|x86.ActiveCfg = Debug|Win32
		{DD6A2908-C8F0-40C4-8348-EF7AEFE2A3A9}.Debug|x86.Build.0 = Debug|Win32
		{DD6A2908-C8F0-40C4-8348-EF7AEFE2A3A9}.Release|x64.ActiveCfg = Release|x64
		{DD6A2908-C8F0-40C4-8348-EF7AEFE2A3A9}.Release|x64.Build.0 = Release|x64
		{DD6A2908-C8F0-40C4-8348-EF7AEFE2A3A9}.Release|x86.ActiveCfg = Release|Win32
		{DD6A2908-C8F0-40C4-8348-EF7AEFE2A3A9}.Release|x86.Build.0 = Release|Win32
		{388BC145-D7EB-41E6-B9AC-A33791CBE79B}.Debug|x64.ActiveCfg = Debug|x64
		{388BC145-D7EB-41E6-B9AC-A33791CBE79B}.Debug|x64.Build.0 = Debug|x64
		{388BC145-D7EB-41E6-B9AC-A33791CBE79B}.Debug|x86.ActiveCfg = Debug|Win32
		{388BC145-D7EB-41E6-B9AC-A33791CBE79B}.Debug|x86.Build.0 = Debug|Win32
		{388BC145-D7EB-41E6-B9AC-A33791CBE79B}.Release|x64.ActiveCfg = Release|x64
		{388BC145-D7EB-41E6-B9AC-A33791CBE79B}.Release|x64.Build.0 = Release|x64
		{388BC145-D7EB-41E6-B9AC-A33791CBE79B}.Release|x86.ActiveCfg = Release|Win32
		{388BC145-D7EB-41E6-B9AC-A33791CBE79B}.Release|x86.Build.0 = Release|Win32
		{976D7CA6-E527-41BD-9849-222E3596636F}.Debug|x64.ActiveCfg = Debug|x64
		{976D7CA6-E527-41BD-9849-222E3596636F}.Debug|x64.Build.0 = Debug|x64
		{976D7CA6-E527-41BD-9849-222E3596636F}.Debug|x86.ActiveCfg = Debug|Win32
		{976D7CA6-E527-41BD-9849-222E3596636F}.Debug|x86.Build.0 = Debug|Win32
		{976D7CA6-E527-41BD-9849-222E3596636F}.Release|x64.ActiveCfg = Release|x64
		{976D7CA6-E527-41BD-9849-222E3596636F}.Release|x64.Build.0 = Release|x64
		{976D7CA6-E527-41BD-9849-222E3596636F}.Release|x86.ActiveCfg = Release|Win32
		{976D7CA6-E527-41BD-9849-222E3596636F}.Release|x86.Build.0 = Release|Win32
		{6687E420-0A22-4B96-9497-4148E8588B9B}.Debug|x64.ActiveCfg = Debug|x64
		{6687E420-0A22-4B96-9497-4148E8588B9B}.Debug|x64.Build.0 = Debug|x64
		{6687E420-0A22-4B96-9497-4148E8588B9B}.Debug|x86.ActiveCfg = Debug|Win32
		{6687E420-0A22-4B96-9497-4148E8588B9B}.Debug|x86.Build.0 = Debug|Win32
		{6687E420-0A22-4B96-9497-4148E8588B9B}.Release|x64.ActiveCfg = Release|x64
		{6687E420-0A22-4B96-9497-4148E8588B9B}.Release|x64.Build.0 = Release|x64
		{6687E420-0A22-4B96-9497-4148E8588B9B}.Release|x86.ActiveCfg = Release|Win32
		{6687E420-0A22-4B96-9497-4148E8588B9B}.Release|x86.Build.0 = Release|Win32
		{6BABA045-A393-44A8-843D-283401E6D229}.Debug|x64.ActiveCfg = Debug|x64
		{6BABA045-A393-44A8-843D-283401E6D229}.Debug|x64.Build.0 = Debug|x64
		{6BABA045-A393-44A8-843D-283401E6D229}.Debug|x86.ActiveCfg = Debug|Win32
		{6BABA045-A393-44A8-843D-283401E6D229}.Debug|x86.Build.0 = Debug|Win32
		{6BABA045-A393-44A8-843D-283401E6D229}.Release|x64.ActiveCfg = Release|x64
		{6BABA045-A393-44A8-843D-283401E6D229}.Release|x64.Build.0 = Release|x64
		{6BABA045-A393-44A8-843D-283401E6D229}.Release|x86.ActiveCfg = Release|Win32
		{6BABA045-A393-44A8-843D-283401E6D229}.Release|x86.Build.0 = Release|Win32
		{01F7838C-1024-4D74-9A72-69BD93C38D8E}.Debug|x64.ActiveCfg = Debug|x64
		{01F7838C-1024-4D74-9A72-69BD93C38D8E}.Debug|x64.Build.0 = Debug|x64
		{01F7838C-1024-4D74-9A72-69BD93C38D8E}.Debug|x86.ActiveCfg = Debug|Win32
		{01F7838C-1024-4D74-9A72-69BD93C38D8E}.Debug|x86.Build.0 = Debug|Win32
		{01F7838C-1024-4D74-9A72-69BD93C38D8E}.Release|x64.ActiveCfg = Release|x64
		{01F7838C-1024-4D74-9A72-69BD93C38D8E}.Release|x64.Build.0 = Release|x64
		{01F7838C-1024-4D74-9A72-69BD93C38D8E}.Release|x86.ActiveCfg = Release|Win32
		{01F7838C-1024-4D74-9A72-69BD93C38D8E}.Release|x86.Build.0 = Release|Win32
		{9C822C22-7A2A-487B-A91B-2E2EC5FF5BCB}.Debug|x64.ActiveCfg = Debug|x64
		{9C822C22-7A2A-487B-A91B-2E2EC5FF5BCB}.Debug|x64.Build.0 = Debug|x64
		{9C822C22-7A2A-487B-A91B-2E2EC5FF5BCB}.Debug|x86.ActiveCfg = Debug|Win32
		{9C822C22-7A2A-487B-A91B-2E2EC5FF5BCB}.Debug|x86.Build.0 = Debug|Win32
		{9C822C22-7A2A-487B-A91B-2E2EC5FF5BCB}.Release|x64.ActiveCfg = Release|x64
		{9C822C22-7A2A-487B-A91B-2E2EC5FF5BCB}.Release|x64.Build.0 = Release|x64
		{9C822C22-7A2A-487B-A91B-2E2EC5FF5BCB}.Release|x86.ActiveCfg = Release|Win32
		{9C822C22-7A2A-487B-A91B-2E2EC5FF5BCB}.Release|x86.Build.0 = Release|Win32
		{398EC876-F5A7-4E0D-B8EB-75927F0121B2}.Debug|x64.ActiveCfg = Debug|x64
		{398EC876-F5A7-4E0D-B8EB-75927F0121B2}.Debug|x64.Build.0 = Debug|x64
		{398EC876-F5A7-4E0D-B8EB-75927F0121B2}.Debug|x86.ActiveCfg = Debug|Win32
		{398EC876-F5A7-4E0D-B8EB-75927F0121B2}.Debug|x86.Build.0 = Debug|Win32
		{398EC876-F5A7-4E0D-B8EB-75927F0121B2}.Release|x64.ActiveCfg = Release|x64
		{398EC876-F5A7-4E0D-B8EB-75927F0121B2}.Release|x64.Build.0 = Release|x64
		{398EC876-F5A7-4E0D-B8EB-75927F0121B2}.Release|x86.ActiveCfg = Release|Win32
		{398EC876-F5A7-4E0D-B8EB-75927F0121B2}.Release|x86.Build.0 = Release|Win32
		{82DC2260-B21E-42E9-88FA-86622DC0A185}.Debug|x64.ActiveCfg = Debug|x64
		{82DC2260-B21E-42E9-88FA-86622DC0A185}.Debug|x64.Build.0 = Debug|x64
		{82DC2260-B21E-42E9-88FA-86622DC0A185}.Debug|x86.ActiveCfg = Debug|Win32
		{82DC2260-B21E-42E9-88FA-86622DC0A185}.Debug|x86.Build.0 = Debug|Win32
		{82DC2260-B21E-42E9-88FA-86622DC0A185}.Release|x64.ActiveCfg = Release|x64
		{82DC2260-B21E-42E9-88FA-86622DC0A185}.Release|x64.Build.0 = Release|x64
		{82DC2260-B21E-42E9-88FA-86622DC0A185}.Release|x86.ActiveCfg = Release|Win32
		{82DC2260-B21E-42E9-88FA-86622DC0A185}.Release|x86.Build.0 = Release|Win32
		{82F6D5AA-C25F-4BF7-AA8E-10B175115BFC}.Debug|x64.ActiveCfg = Debug|x64
		{82F6D5AA-C25F-4BF7-AA8E-10B175115BFC}.Debug|x64.Build.0 = Debug|x64
		{82F6D5AA-C25F-4BF7-AA8E-10B175115BFC}.Debug|x86.ActiveCfg = Debug|Win32
		{82F6D5AA-C25F-4BF7-AA8E-10B175115BFC}.Debug|x86.Build.0 = Debug|Win32
		{82F6D5AA-C25F-4BF7-AA8E-10B175115BFC}.Release|x64.ActiveCfg = Release|x64
		{82F6D5AA-C25F-4BF7-AA8E-10B175115BFC}.Release|x64.Build.0 = Release|x64
		{82F6D5AA-C25F-4BF7-AA8E-10B175115BFC}.Release|x86.ActiveCfg = Release|Win32
		{82F6D5AA-C25F-4BF7-AA8E-10B175115BFC}.Release|x86.Build.0 = Release|Win32
		{0840A4B4-9462-4F20-8585-3FD6FADA1434}.Debug|x64.ActiveCfg = Debug|x64
		{0840A4B4-9462-4F20-8585-3FD6FADA1434}.Debug|x64.Build.0 = Debug|x64
		{0840A4B4-9462-4F20-8585-3FD6FADA1434}.Debug|x86.ActiveCfg = Debug|Win32
		{0840A4B4-9462-4F20-8585-3FD6FADA1434}.Debug|x86.Build.0 = Debug|Win32
		{0840A4B4-9462-4F20-8585-3FD6FADA1434}.Release|x64.ActiveCfg = Release|x64
		{0840A4B4-9462-4F20-8585-3FD6FADA1434}.Release|x64.Build.0 = Release|x64
		{0840A4B4-9462-4F20-8585-3FD6FADA1434}.Release|x86.ActiveCfg = Release|Win32
		{0840A4B4-9462-4F20-8585-3FD6FADA1434}.Release|x86.Build.0 = Release|Win32
		{6C8A0C7E-8634-4F62-8AB4-95EC79CFD34E}.Debug|x64.ActiveCfg = Debug|x64
		{6C8A0C7E-8634-4F62-8AB4-95EC79CFD34E}.Debug|x64.Build.0 = Debug|x64
		{6C8A0C7E-8634-4F62-8AB4-95EC79CFD34E}.Debug|x86.ActiveCfg = Debug|Win32
		{6C8A0C7E-8634-4F62-8AB4-95EC79CFD34E}.Debug|x86.Build.0 = Debug|Win32
		{6C8A0C7E-8634-4F62-8AB4-95EC79CFD34E}.Release|x64.ActiveCfg = Release|x64
		{6C8A0C7E-8634-4F62-8AB4-95EC79CFD34E}.Release|x64.Build.0 = Release|x64
		{6C8A0C7E-8634-4F62-8AB4-95EC79CFD34E}.Release|x86.ActiveCfg = Release|Win32
		{6C8A0C7E-8634-4F62-8AB4-95EC79CFD34E}.Release|x86.Build.0 = Release|Win32
		{A8E0211C-7CDA-4279-8620-67EE0E55858C}.Debug|x64.ActiveCfg = Debug|x64
		{A8E0211C-7CDA-4279-8620-67EE0E55858C}.Debug|x64.Build.0 = Debug|x64
		{A8E0211C-7CDA-4279-8620-67EE0E55858C}.Debug|x86.ActiveCfg = Debug|Win32
		{A8E0211C-7CDA-4279-8620-67EE0E55858C}.Debug|x86.Build.0 = Debug|Win32
		{A8E0211C-7CDA-4279-8620-67EE0E55858C}.Release|x64.ActiveCfg = Release|x64
		{A8E0211C-7CDA-4279-8620-67EE0E55858C}.Release|x64.Build.0 = Release|x64
		{A8E0211C-7CDA-4279-8620-67EE0E55858C}.Release|x86.ActiveCfg = Release|Win32
		{A8E0211C-7CDA-4279-8620-67EE0E55858C}.Release|x86.Build.0 = Release|Win32
		{7DA2D9E5-FC4B-4B1A-A5BC-E16F24D2552F}.Debug|x64.ActiveCfg = Debug|x64
		{7DA2D9E5-FC4B-4B1A-A5BC-E16F24D2552F}.Debug|x64.Build.0 = Debug|x64
		{7DA2D9E5-FC4B-4B1A-A5BC-E16F24D2552F}.Debug|x86.ActiveCfg = Debug|Win32
		{7DA2D9E5-FC4B-4B1A-A5BC-E16F24D2552F}.Debug|x86.Build.0 = Debug|Win32
		{7DA2D9E5-FC4B-4B1A-A5BC-E16F24D2552F}.Release|x64.ActiveCfg = Release|x64
		{7DA2D9E5-FC4B-4B1A-A5BC-E16F24D2552F}.Release|x64.Build.0 = Release|x64
		{7DA2D9E5-FC4B-4B1A-A5BC-E16F24D2552F}.Release|x86.ActiveCfg = Release|Win32
		{7DA2D9E5-FC4B-4B1A-A5BC-E16F24D2552F}.Release|x86.Build.0 = Release|Win32
		{222B28C7-2B5A-42C5-8145-126DE8A945E8}.Debug|x64.ActiveCfg = Debug|x64
		{222B28C7-2B5A-42C5-8145-126DE8A945E8}.Debug|x64.Build.0 = Debug|x64
		{222B28C7-2B5A-42C5-8145-126DE8A945E8}.Debug|x86.ActiveCfg = Debug|Win32
		{222B28C7-2B5A-42C5-8145-126DE8A945E8}.Debug|x86.Build.0 = Debug|Win32
		{222B28C7-2B5A-42C5-8145-126DE8A945E8}.Release|x64.ActiveCfg = Release|x64
		{222B28C7-2B5A-42C5-8145-126DE8A945E8}.Release|x64.Build.0 = Release|x64
		{222B28C7-2B5A-42C5-8145-126DE8A945E8}.Release|x86.ActiveCfg = Release|Win32
		{222B28C7-2B5A-42C5-8145-126DE8A945E8}.Release|x86.Build.0 = Release|Win32
		{C00EAFE0-1ED1-4050-BCEA-F0DC87B06157}.Debug|x64.ActiveCfg = Debug|x64
		{C00EAFE0-1ED1-4050-BCEA-F0DC87B06157}.Debug|x64.Build.0 = Debug|x64
		{C00EAFE0-1ED1-4050-BCEA-F0DC87B06157}.Debug|x86.ActiveCfg = Debug|Win32
		{C00EAFE0-1ED1-4050-BCEA-F0DC87B06157}.Debug|x86.Build.0 = Debug|Win32
		{C00EAFE0-1ED1-4050-BCEA-F0DC87B06157}.Release|x64.ActiveCfg = Release|x64
		{C00EAFE0-1ED1-4050-BCEA-F0DC87B06157}.Release|x64.Build.0 = Release|x64
		{C00EAFE0-1ED1-4050-BCEA-F0DC87B06157}.Release|x86.ActiveCfg = Release|Win32
		{C00EAFE0-1ED1-4050-BCEA-F0DC87B06157}.Release|x86.Build.0 = Release|Win32
		{6194C27A-4553-44C9-BD49-0D8B59F9662A}.Debug|x64.ActiveCfg = Debug|x64
		{6194C27A-4553-44C9-BD49-0D8B59F9662A}.Debug|x64.Build.0 = Debug|x64
		{6194C27A-4553-44C9-BD49-0D8B59F9662A}.Debug|x86.ActiveCfg = Debug|Win32
		{6194C27A-4553-44C9-BD49-0D8B59F9662A}.Debug|x86.Build.0 = Debug|Win32
		{6194C27A-4553-44C9-BD49-0D8B59F9662A}.Release|x64.ActiveCfg = Release|x64
		{6194C27A-4553-44C9-BD49-0D8B59F9662A}.Release|x64.Build.0 = Release|x64
		{6194C27A-4553-44C9-BD49-0D8B59F9662A}.Release|x86.ActiveCfg = Release|Win32
		{6194C27A-4553-44C9-BD49-0D8B59F9662A}.Release|x86.Build.0 = Release|Win32
		{5652AAAF-824E-4770-B642-D8814ACD0834}.Debug|x64.ActiveCfg = Debug|x64
		{5652AAAF-824E-4770-B642-D8814ACD0834}.Debug|x64.Build.0 = Debug|x64
		{5652AAAF-824E-4770-B642-D8814ACD0834}.Debug|x86.ActiveCfg = Debug|Win32
		{5652AAAF-824E-4770-B642-D8814ACD0834}.Debug|x86.Build.0 = Debug|Win32
		{5652AAAF-824E-4770-B642-D8814ACD0834}.Release|x64.ActiveCfg = Release|x64
		{5652AAAF-824E-4770-B642-D8814ACD0834}.Release|x64.Build.0 = Release|x64
		{5652AAAF-824E-4770-B642-D8814ACD0834}.Release|x86.ActiveCfg = Release|Win32
		{5652AAAF-824E-4770-B642-D8814ACD0834}.Release|x86.Build.0 = Release|Win32
		{01E8D3B9-916E-44D9-8097-7ABC816BA42C}.Debug|x64.ActiveCfg = Debug|x64
		{01E8D3B9-916E-44D9-8097-7ABC816BA42C}.Debug|x64.Build.0 = Debug|x64
		{01E8D3B9-916E-44D9-8097-7ABC816BA42C}.Debug|x86.ActiveCfg = Debug|Win32
		{01E8D3B9-916E-44D9-8097-7ABC816BA42C}.Debug|x86.Build.0 = Debug|Win32
		{01E8D3B9-916E-44D9-8097-7ABC816BA42C}.Release|x64.ActiveCfg = Release|x64
		{01E8D3B9-916E-44D9-8097-7ABC816BA42C}.Release|x64.Build.0 = Release|x64
		{01E8D3B9-916E-44D9-8097-7ABC816BA42C}.Release|x86.ActiveCfg = Release|Win32
		{01E8D3B9-916E-44D9-8097-7ABC816BA42C}.Release|x86.Build.0 = Release|Win32
		{646AECB9-73DE-413A-B30F-2F8AE8F843AC}.Debug|x64.ActiveCfg = Debug|x64
		{646AECB9-73DE-413A-B30F-2F8AE8F843AC}.Debug|x64.Build.0 = Debug|x64
		{646AECB9-73DE-413A-B30F-2F8AE8F843AC}.Debug|x86.ActiveCfg = Debug|Win32
		{646AECB9-73DE-413A-B30F-2F8AE8F843AC}.Debug|x86.Build.0 = Debug|Win32
		{646AECB9-73DE-413A-B30F-2F8AE8F843AC}.Release|x64.ActiveCfg = Release|x64
		{646AECB9-73DE-413A-B30F-2F8AE8F843AC}.Release|x64.Build.0 = Release|x64
		{646AECB9-73DE-413A-B30F-2F8AE8F843AC}.Release|x86.ActiveCfg = Release|Win32
		{646AECB9-73DE-413A-B30F-2F8AE8F843AC}.Release|x86.Build.0 = Release|Win32
		{1FF38F9E-E503-4EB4-8C31-E6587180A6C1}.Debug|x64.ActiveCfg = Debug|x64
		{1FF38F9E-E503-4EB4-8C31-E6587180A6C1}.Debug|x64.Build.0 = Debug|x64
		{1FF38F9E-E503-4EB4-8C31-E6587180A6C1}.Debug|x86.ActiveCfg = Debug|Win32
		{1FF38F9E-E503-4EB4-8C31-E6587180A6C1}.Debug|x86.Build.0 = Debug|Win32
		{1FF38F9E-E503-4EB4-8C31-E6587180A6C1}.Release|x64.ActiveCfg = Release|x64
		{1FF38F9E-E503-4EB4-8C31-E6587180A6C1}.Release|x64.Build.0 = Release|x64
		{1FF38F9E-E503-4EB4-8C31-E6587180A6C1}.Release|x86.ActiveCfg = Release|Win32
		{1FF38F9E-E503-4EB4-8C31-E6587180A6C1}.Release|x86.Build.0 = Release|Win32
		{FE2F3552-86E3-451B-9F73-6F319526AED3}.Debug|x64.ActiveCfg = Debug|x64
		{FE2F3552-86E3-451B-9F73-6F319526AED3}.Debug|x64.Build.0 = Debug|x64
		{FE2F3552-86E3-451B-9F73-6F319526AED3}.Debug|x86.ActiveCfg = Debug|Win32
		{FE2F3552-86E3-451B-9F73-6F319526AED3}.Debug|x86.Build.0 = Debug|Win32
		{FE2F3552-86E3-451B-9F73-6F319526AED3}.Release|x64.ActiveCfg = Release|x64
		{FE2F3552-86E3-451B-9F73-6F319526AED3}.Release|x64.Build.0 = Release|x64
		{FE2F3552-86E3-451B-9F73-6F319526AED3}.Release|x86.ActiveCfg = Release|Win32
		{FE2F3552-86E3-451B-9F73-6F319526AED3}.Release|x86.Build.0 = Release|Win32
		{ED6C1C06-BEA4-4DDB-8209-B08B4102324B}.Debug|x64.ActiveCfg = Debug|x64
		{ED6C1C06-BEA4-4DDB-8209-B08B4102324B}.Debug|x64.Build.0 = Debug|x64
		{ED6C1C06-BEA4-4DDB-8209-B08B4102324B}.Debug|x86.ActiveCfg = Debug|Win32
		{ED6C1C06-BEA4-4DDB-8209-B08B4102324B}.Debug|x86.Build.0 = Debug|Win32
		{ED6C1C06-BEA4-4DDB-8209-B08B4102324B}.Release|x64.ActiveCfg = Release|x64
		{ED6C1C06-BEA4-4DDB-8209-B08B4102324B}.Release|x64.Build.0 = Release|x64
		{ED6C1C06-BEA4-4DDB-8209-B08B4102324B}.Release|x86.ActiveCfg = Release|Win32
		{ED6C1C06-BEA4-4DDB-8209-B08B4102324B}.Release|x86.Build.0 = Release|Win32
		{151C0F1B-7E98-4C66-8D94-2686E0010329}.Debug|x64.ActiveCfg = Debug|x64
		{151C0F1B-7E98-4C66-8D94-2686E0010329}.Debug|x64.Build.0 = Debug|x64
		{151C0F1B-7E98-4C66-8D94-2686E0010329}.Debug|x86.ActiveCfg = Debug|Win32
		{151C0F1B-7E98-4C66-8D94-2686E0010329}.Debug|x86.Build.0 = Debug|Win32
		{151C0F1B-7E98-4C66-8D94-2686E0010329}.Release|x64.ActiveCfg = Release|x64
		{151C0F1B-7E98-4C66-8D94-2686E0010329}.Release|x64.Build.0 = Release|x64
		{151C0F1B-7E98-4C66-8D94-2686E0010329}.Release|x86.ActiveCfg = Release|Win32
		{151C0F1B-7E98-4C66-8D94-2686E0010329}.Release|x86.Build.0 = Release|Win32
		{8A478D4C-2718-40C7-AA69-95BBD9E55136}.Debug|x64.ActiveCfg = Debug|x64
		{8A478D4C-2718-40C7-AA69-95BBD9E55136}.Debug|x64.Build.0 = Debug|x64
		{8A478D4C-2718-40C7-AA69-95BBD9E55136}.Debug|x86.ActiveCfg = Debug|Win32
		{8A478D4C-2718-40C7-AA69-95BBD9E55136}.Debug|x86.Build.0 = Debug|Win32
		{8A478D4C-2718-40C7-AA69-95BBD9E55136}.Release|x64.ActiveCfg = Release|x64
		{8A478D4C-2718-40C7-AA69-95BBD9E55136}.Release|x64.Build.0 = Release|x64
		{8A478D4C-2718-40C7-AA69-95BBD9E55136}.Release|x86.ActiveCfg = Release|Win32
		{8A478D4C-2718-40C7-AA69-95BBD9E55136}.Release|x86.Build.0 = Release|Win32
		{7EC8E997-7279-4621-A14B-C7081BF3239F}.Debug|x64.ActiveCfg = Debug|x64
		{7EC8E997-7279-4621-A14B-C7081BF3239F}.Debug|x64.Build.0 = Debug|x64
		{7EC8E997-7279-4621-A14B-C7081BF3239F}.Debug|x86.ActiveCfg = Debug|Win32
		{7EC8E997-7279-4621-A14B-C7081BF3239F}.Debug|x86.Build.0 = Debug|Win32
		{7EC8E997-7279-4621-A14B-C7081BF3239F}.Release|x64.ActiveCfg = Release|x64
		{7EC8E997-7279-4621-A14B-C7081BF3239F}.Release|x64.Build.0 = Release|x64
		{7EC8E997-7279-4621-A14B-C7081BF3239F}.Release|x86.ActiveCfg = Release|Win32
		{7EC8E997-7279-4621-A14B-C7081BF3239F}.Release|x86.Build.0 = Release|Win32
		{2BA6CD2E-A2AA-440A-821A-C4419EAF8DF4}.Debug|x64.ActiveCfg = Debug|x64
		{2BA6CD2E-A2AA-440A-821A-C4419EAF8DF4}.Debug|x64.Build.0 = Debug|x64
		{2BA6CD2E-A2AA-440A-821A-C4419EAF8DF4}.Debug|x86.ActiveCfg = Debug|Win32
		{2BA6CD2E-A2AA-440A-821A-C4419EAF8DF4}.Debug|x86.Build.0 = Debug|Win32
		{2BA6CD2E-A2AA-440A-821A-C4419EAF8DF4}.Release|x64.ActiveCfg = Release|x64
		{2BA6CD2E-A2AA-440A-821A-C4419EAF8DF4}.Release|x64.Build.0 = Release|x64
		{2BA6CD2E-A2AA-440A-821A-C4419EAF8DF4}.Release|x86.ActiveCfg = Release|Win32
		{2BA6CD2E-A2AA-440A-821A-C4419EAF8DF4}.Release|x86.Build.0 = Release|Win32
		{6381A4D6-907D-418D-9A03-E093EDA26CA7}.Debug|x64.ActiveCfg = Debug|x64
		{6381A4D6-907D-418D-9A03-E093EDA26CA7}.Debug|x64.Build.0 = Debug|x64
		{6381A4D6-907D-418D-9A03-E093EDA26CA7}.Debug|x86.ActiveCfg = Debug|Win32
		{6381A4D6-907D-418D-9A03-E093EDA26CA7}.Debug|x86.Build.0 = Debug|Win32
		{6381A4D6-907D-418D-9A03-E093EDA26CA7}.Release|x64.ActiveCfg = Release|x64
		{6381A4D6-907D-418D-9A03-E093EDA26CA7}.Release|x64.Build.0 = Release|x64
		{6381A4D6-907D-418D-9A03-E093EDA26CA7}.Release|x86.ActiveCfg = Release|Win32
		{6381A4D6-907D-418D-9A03-E093EDA26CA7}.Release|x86.Build.0 = Release|Win32
		{9FF3B6F7-B2B0-4B8C-B128-9223985C8C0F}.Debug|x64.ActiveCfg = Debug|x64
		{9FF3B6F7-B2B0-4B8C-B128-9223985C8C0F}.Debug|x64.Build.0 = Debug|x64
		{9FF3B6F7-B2B0-4B8C-B128-9223985C8C0F}.Debug|x86.ActiveCfg = Debug|Win32
		{9FF3B6F7-B2B0-4B8C-B128-9223985C8C0F}.Debug|x86.Build.0 = Debug|Win32
		{9FF3B6F7-B2B0-4B8C-B128-9223985C8C0F}.Release|x64.ActiveCfg = Release|x64
		{9FF3B6F7-B2B0-4B8C-B128-9223985C8C0F}.Release|x64.Build.0 = Release|x64
		{9FF3B6F7-B2B0-4B8C-B128-9223985C8C0F}.Release|x86.ActiveCfg = Release|Win32
		{9FF3B6F7-B2B0-4B8C-B128-9223985C8C0F}.Release|x86.Build.0 = Release|Win32
		{75E891DE-46AC-4D77-84D0-34BF1CFA3113}.Debug|x64.ActiveCfg = Debug|x64
		{75E891DE-46AC-4D77-84D0-34BF1CFA3113}.Debug|x64.Build.0 = Debug|x64
		{75E891DE-46AC-4D77-84D0-34BF1CFA3113}.Debug|x86.ActiveCfg = Debug|Win32
		{75E891DE-46AC-4D77-84D0-34BF1CFA3113}.Debug|x86.Build.0 = Debug|Win32
		{75E891DE-46AC-4D77-84D0-34BF1CFA3113}.Release|x64.ActiveCfg = Release|x64
		{75E891DE-46AC-4D77-84D0-34BF1CFA3113}.Release|x64.Build.0 = Release|x64
		{75E891DE-46AC-4D77-84D0-34BF1CFA3113}.Release|x86.ActiveCfg = Release|Win32
		{75E891DE-46AC-4D77-84D0-34BF1CFA3113}.Release|x86.Build.0 = Release|Win32
		{E1D593B0-EE40-48B8-B436-BA6E1ECB6678}.Debug|x64.ActiveCfg = Debug|x64
		{E1D593B0-EE40-48B8-B436-BA6E1ECB6678}.Debug|x64.Build.0 = Debug|x64
		{E1D593B0-EE40-48B8-B436-BA6E1ECB6678}.Debug|x86.ActiveCfg = Debug|Win32
		{E1D593B0-EE40-48B8-B436-BA6E1ECB6678}.Debug|x86.Build.0 = Debug|Win32
		{E1D593B0-EE40-48B8-B436-BA6E1ECB6678}.Release|x64.ActiveCfg = Release|x64
		{E1D593B0-EE40-48B8-B436-BA6E1ECB6678}.Release|x64.Build.0 = Release|x64
		{E1D593B0-EE40-48B8-B436-BA6E1ECB6678}.Release|x86.ActiveCfg = Release|Win32
		{E1D593B0-EE40-48B8-B436-BA6E1ECB6678}.Release|x86.Build.0 = Release|Win32
		{B7478B0F-3057-41D4-B227-A61F7C5764A0}.Debug|x64.ActiveCfg = Debug|x64
		{B7478B0F-3057-41D4-B227-A61F7C5764A0}.Debug|x64.Build.0 = Debug|x64
		{B7478B0F-3057-41D4-B227-A61F7C5764A0}.Debug|x86.ActiveCfg = Debug|Win32
		{B7478B0F-3057-41D4-B227-A61F7C5764A0}.Debug|x86.Build.0 = Debug|Win32
		{B7478B0F-3057-41D4-B227-A61F7C5764A0}.Release|x64.ActiveCfg = Release|x64
		{B7478B0F-3057-41D4-B227-A61F7C5764A0}.Release|x64.Build.0 = Release|x64
		{B7478B0F-3057-41D4-B227-A61F7C5764A0}.Release|x86.ActiveCfg = Release|Win32
		{B7478B0F-3057-41D4-B227-A61F7C5764A0}.Release|x86.Build.0 = Release|Win32
		{FD22476F-F38E-4ED9-8138-194AAAC50A45}.Debug|x64.ActiveCfg = Debug|x64
		{FD22476F-F38E-4ED9-8138-194AAAC50A45}.Debug|x64.Build.0 = Debug|x64
		{FD22476F-F38E-4ED9-8138-194AAAC50A45}.Debug|x86.ActiveCfg = Debug|Win32
		{FD22476F-F38E-4ED9-8138-194AAAC50A45}.Debug|x86.Build.0 = Debug|Win32
		{FD22476F-F38E-4ED9-8138-194AAAC50A45}.Release|x64.ActiveCfg = Release|x64
		{FD22476F-F38E-4ED9-8138-194AAAC50A45}.Release|x64.Build.0 = Release|x64
		{FD22476F-F38E-4ED9-8138-194AAAC50A45}.Release|x86.ActiveCfg = Release|Win32
		{FD22476F-F38E-4ED9-8138-194AAAC50A45}.Release|x86.Build.0 = Release|Win32
		{5ED0C906-D1DF-459C-9C6E-7DC5605D9E16}.Debug|x64.ActiveCfg = Debug|x64
		{5ED0C906-D1DF-459C-9C6E-7DC5605D9E16}.Debug|x64.Build.0 = Debug|x64
		{5ED0C906-D1DF-459C-9C6E-7DC5605D9E16}.Debug|x86.ActiveCfg = Debug|Win32
		{5ED0C906-D1DF-459C-9C6E-7DC5605D9E16}.Debug|x86.Build.0 = Debug|Win32
		{5ED0C906-D1DF-459C-9C6E-7DC5605D9E16}.Release|x64.ActiveCfg = Release|x64
		{5ED0C906-D1DF-459C-9C6E-7DC5605D9E16}.Release|x64.Build.0 = Release|x64
		{5ED0C906-D1DF-459C-9C6E-7DC5605D9E16}.Release|x86.ActiveCfg = Release|Win32
		{5ED0C906-D1DF-459C-9C6E-7DC5605D9E16}.Release|x86.Build.0 = Release|Win32
		{92449591-6C9C-48CA-8290-18290DEEE3F0}.Debug|x64.ActiveCfg = Debug|x64
		{92449591-6C9C-48CA-8290-18290DEEE3F0}.Debug|x64.Build.0 = Debug|x64
		{92449591-6C9C-48CA-8290-18290DEEE3F0}.Debug|x86.ActiveCfg = Debug|Win32
		{92449591-6C9C-48CA-8290-18290DEEE3F0}.Debug|x86.Build.0 = Debug|Win32
		{92449591-6C9C-48CA-8290-18290DEEE3F0}.Release|x64.ActiveCfg = Release|x64
		{92449591-6C9C-48CA-8290-18290DEEE3F0}.Release|x64.Build.0 = Release|x64
		{92449591-6C9C-48CA-8290-18290DEEE3F0}.Release|x86.ActiveCfg = Release|Win32
		{92449591-6C9C-48CA-8290-18290DEEE3F0}.Release|x86.Build.0 = Release|Win32
		{5A7AD4D1-D4B4-4E21-900A-D8BCEAA1141E}.Debug|x64.ActiveCfg = Debug|x64
		{5A7AD4D1-D4B4-4E21-900A-D8BCEAA1141E}.Debug|x64.Build.0 = Debug|x64
		{5A7AD4D1-D4B4-4E21-900A-D8BCEAA1141E}.Debug|x86.ActiveCfg = Debug|Win32
		{5A7AD4D1-D4B4-4E21-900A-D8BCEAA1141E}.Debug|x86.Build.0 = Debug|Win32
		{5A7AD4D1-D4B4-4E21-900A-D8BCEAA1141E}.Release|x64.ActiveCfg = Release|x64
		{5A7AD4D1-D4B4-4E21-900A-D8BCEAA1141E}.Release|x64.Build.0 = Release|x64
		{5A7AD4D1-D4B4-4E21-900A-D8BCEAA1141E}.Release|x86.ActiveCfg = Release|Win32
		{5A7AD4D1-D4B4-4E21-900A-D8BCEAA1141E}.Release|x86.Build.0 = Release|Win32
		{BCFABFDC-FE0C-4D99-9A66-3AA87D669BF7}.Debug|x64.ActiveCfg = Debug|x64
		{BCFABFDC-FE0C-4D99-9A66-3AA87D669BF7}.Debug|x64.Build.0 = Debug|x64
		{BCFABFDC-FE0C-4D99-9A66-3AA87D669BF7}.Debug|x86.ActiveCfg = Debug|Win32
		{BCFABFDC-FE0C-4D99-9A66-3AA87D669BF7}.Debug|x86.Build.0 = Debug|Win32
		{BCFABFDC-FE0C-4D99-9A66-3AA87D669BF7}.Release|x64.ActiveCfg = Release|x64
		{BCFABFDC-FE0C-4D99-9A66-3AA87D669BF7}.Release|x64.Build.0 = Release|x64
		{BCFABFDC-FE0C-4D99-9A66-3AA87D669BF7}.Release|x86.ActiveCfg = Release|Win32
		{BCFABFDC-FE0C-4D99-9A66-3AA87D669BF7}.Release|x86.Build.0 = Release|Win32
		{682B9D14-0371-42C6-9573-7CFA6DAD20A9}.Debug|x64.ActiveCfg = Debug|x64
		{682B9D14-0371-42C6-9573-7CFA6DAD20A9}.Debug|x64.Build.0 = Debug|x64
		{682B9D14-0371-42C6-9573-7CFA6DAD20A9}.Debug|x86.ActiveCfg = Debug|Win32
		{682B9D14-0371-42C6-9573-7CFA6DAD20A9}.Debug|x86.Build.0 = Debug|Win32
		{682B9D14-0371-42C6-9573-7CFA6DAD20A9}.Release|x64.ActiveCfg = Release|x64
		{682B9D14-0371-42C6-9573-7CFA6DAD20A9}.Release|x64.Build.0 = Release|x64
		{682B9D14-0371-42C6-9573-7CFA6DAD20A9}.Release|x86.ActiveCfg = Release|Win32
		{682B9D14-0371-42C6-9573-7CFA6DAD20A9}.Release|x86.Build.0 = Release|Win32
		{F9D1314B-B6E7-4566-9D91-7831496BB4E6}.Debug|x64.ActiveCfg = Debug|x64
		{F9D1314B-B6E7-4566-9D91-7831496BB4E6}.Debug|x64.Build.0 = Debug|x64
		{F9D1314B-B6E7-4566-9D91-7831496BB4E6}.Debug|x86.ActiveCfg = Debug|Win32
		{F9D1314B-B6E7-4566-9D91-7831496BB4E6}.Debug|x86.Build.0 = Debug|Win32
		{F9D1314B-B6E7-4566-9D91-7831496BB4E6}.Release|x64.ActiveCfg = Release|x64
		{F9D1314B-B6E7-4566-9D91-7831496BB4E6}.Release|x64.Build.0 = Release|x64
		{F9D1314B-B6E7-4566-9D91-7831496BB4E6}.Release|x86.ActiveCfg = Release|Win32
		{F9D1314B-B6E7-4566-9D91-7831496BB4E6}.Release|x86.Build.0 = Release|Win32
		{D7E573EF-94C9-425B-B454-4AD0EE0ABB83}.Debug|x64.ActiveCfg = Debug|x64
		{D7E573EF-94C9-425B-B454-4AD0EE0ABB83}.Debug|x64.Build.0 = Debug|x64
		{D7E573EF-94C9-425B-B454-4AD0EE0ABB83}.Debug|x86.ActiveCfg = Debug|Win32
		{D7E573EF-94C9-425B-B454-4AD0EE0ABB83}.Debug|x86.Build.0 = Debug|Win32
		{D7E573EF-94C9-425B-B454-4AD0EE0ABB83}.Release|x64.ActiveCfg = Release|x64
		{D7E573EF-94C9-425B-B454-4AD0EE0ABB83}.Release|x64.Build.0 = Release|x64
		{D7E573EF-94C9-425B-B454-4AD0EE0ABB83}.Release|x86.ActiveCfg = Release|Win32
		{D7E573EF-94C9-425B-B454-4AD0EE0ABB83}.Release|x86.Build.0 = Release|Win32
		{7E7952B5-A70E-4C79-B495-990284180E6B}.Debug|x64.ActiveCfg = Debug|x64
		{7E7952B5-A70E-4C79-B495-990284180E6B}.Debug|x64.Build.0 = Debug|x64
		{7E7952B5-A70E-4C79-B495-990284180E6B}.Debug|x86.ActiveCfg = Debug|Win32
		{7E7952B5-A70E-4C79-B495-990284180E6B}.Debug|x86.Build.0 = Debug|Win32
		{7E7952B5-A70E-4C79-B495-990284180E6B}.Release|x64.ActiveCfg = Release|x64
		{7E7952B5-A70E-4C79-B495-990284180E6B}.Release|x64.Build.0 = Release|x64
		{7E7952B5-A70E-4C79-B495-990284180E6B}.Release|x86.ActiveCfg = Release|Win32
		{7E7952B5-A70E-4C79-B495-990284180E6B}.Release|x86.Build.0 = Release|Win32
		{B46A569D-DD3F-41FA-B016-3DE5446FA1D2}.Debug|x64.ActiveCfg = Debug|x64
		{B46A569D-DD3F-41FA-B016-3DE5446FA1D2}.Debug|x64.Build.0 = Debug|x64
		{B46A569D-DD3F-41FA-B016-3DE5446FA1D2}.Debug|x86.ActiveCfg = Debug|Win32
		{B46A569D-DD3F-41FA-B016-3DE5446FA1D2}.Debug|x86.Build.0 = Debug|Win32
		{B46A569D-DD3F-41FA-B016-3DE5446FA1D2}.Release|x64.ActiveCfg = Release|x64
		{B46A569D-DD3F-41FA-B016-3DE5446FA1D2}.Release|x64.Build.0 = Release|x64
		{B46A569D-DD3F-41FA-B016-3DE5446FA1D2}.Release|x86.ActiveCfg = Release|Win32
		{B46A569D-DD3F-41FA-B016-3DE5446FA1D2}.Release|x86.Build.0 = Release|Win32
		{3775F4BF-161A-4BFA-9D23-9E6F4791F704}.Debug|x64.ActiveCfg = Debug|x64
		{3775F4BF-161A-4BFA-9D23-9E6F4791F704}.Debug|x64.Build.0 = Debug|x64
		{3775F4BF-161A-4BFA-9D23-9E6F4791F704}.Debug|x86.ActiveCfg = Debug|Win32
		{3775F4BF-161A-4BFA-9D23-9E6F4791F704}.Debug|x86.Build.0 = Debug|Win32
		{3775F4BF-161A-4BFA-9D23-9E6F4791F704}.Release|x64.ActiveCfg = Release|x64
		{3775F4BF-161A-4BFA-9D23-9E6F4791F704}.Release|x64.Build.0 = Release|x64
		{3775F4BF-161A-4BFA-9D23-9E6F4791F704}.Release|x86.ActiveCfg = Release|Win32
		{3775F4BF-161A-4BFA-9D23-9E6F4791F704}.Release|x86.Build.0 = Release|Win32
		{1122F06F-DA14-41E9-B356-1B52212BF213}.Debug|x64.ActiveCfg = Debug|x64
		{1122F06F-DA14-41E9-B356-1B52212BF213}.Debug|x64.Build.0 = Debug|x64
		{1122F06F-DA14-41E9-B356-1B52212BF213}.Debug|x86.ActiveCfg = Debug|Win32
		{1122F06F-DA14-41E9-B356-1B52212BF213}.Debug|x86.Build.0 = Debug|Win32
		{1122F06F-DA14-41E9-B356-1B52212BF213}.Release|x64.ActiveCfg = Release|x64
		{1122F06F-DA14-41E9-B356-1B52212BF213}.Release|x64.Build.0 = Release|x64
		{1122F06F-DA14-41E9-B356-1B52212BF213}.Release|x86.ActiveCfg = Release|Win32
		{1122F06F-DA14-41E9-B356-1B52212BF213}.Release|x86.Build.0 = Release|Win32
		{17ED896C-45EF-4871-AFF1-011BD0BBCBF0}.Debug|x64.ActiveCfg = Debug|x64
		{17ED896C-45EF-4871-AFF1-011BD0BBCBF0}.Debug|x64.Build.0 = Debug|x64
		{17ED896C-45EF-4871-AFF1-011BD0BBCBF0}.Debug|x86.ActiveCfg = Debug|Win32
		{17ED896C-45EF-4871-AFF1-011BD0BBCBF0}.Debug|x86.Build.0 = Debug|Win32
		{17ED896C-45EF-4871-AFF1-011BD0BBCBF0}.Release|x64.ActiveCfg = Release|x64
		{17ED896C-45EF-4871-AFF1-011BD0BBCBF0}.Release|x64.Build.0 = Release|x64
		{17ED896C-45EF-4871-AFF1-011BD0BBCBF0}.Release|x86.ActiveCfg = Release|Win32
		{17ED896C-45EF-4871-AFF1-011BD0BBCBF0}.Release|x86.Build.0 = Release|Win32
		{3498A293-3B66-4849-A34C-56308BF66377}.Debug|x64.ActiveCfg = Debug|x64
		{3498A293-3B66-4849-A34C-56308BF66377}.Debug|x64.Build.0 = Debug|x64
		{3498A293-3B66-4849-A34C-56308BF66377}.Debug|x86.ActiveCfg = Debug|Win32
		{3498A293-3B66-4849-A34C-56308BF66377}.Debug|x86.Build.0 = Debug|Win32
		{3498A293-3B66-4849-A34C-56308BF66377}.Release|x64.ActiveCfg = Release|x64
		{3498A293-3B66-4849-A34C-56308BF66377}.Release|x64.Build.0 = Release|x64
		{3498A293-3B66-4849-A34C-56308BF66377}.Release|x86.ActiveCfg = Release|Win32
		{3498A293-3B66-4849-A34C-56308BF66377}.Release|x86.Build.0 = Release|Win32
		{A9778232-D161-4C49-88B6-89A356A0F9E2}.Debug|x64.ActiveCfg = Debug|x64
		{A9778232-D161-4C49-88B6-89A356A0F9E2}.Debug|x64.Build.0 = Debug|x64
		{A9778232-D161-4C49-88B6-89A356A0F9E2}.Debug|x86.ActiveCfg = Debug|Win32
		{A9778232-D161-4C49-88B6-89A356A0F9E2}.Debug|x86.Build.0 = Debug|Win32
		{A9778232-D161-4C49-88B6-89A356A0F9E2}.Release|x64.ActiveCfg = Release|x64
		{A9778232-D161-4C49-88B6-89A356A0F9E2}.Release|x64.Build.0 = Release|x64
		{A9778232-D161-4C49-88B6-89A356A0F9E2}.Release|x86.ActiveCfg = Release|Win32
		{A9778232-D161-4C49-88B6-89A356A0F9E2}.Release|x86.Build.0 = Release|Win32
		{6B2703E9-F7C3-4A18-9761-361C398FB2DD}.Debug|x64.ActiveCfg = Debug|x64
		{6B2703E9-F7C3-4A18-9761-361C398FB2DD}.Debug|x64.Build.0 = Debug|x64
		{6B2703E9-F7C3-4A18-9761-361C398FB2DD}.Debug|x86.ActiveCfg = Debug|Win32
		{6B2703E9-F7C3-4A18-9761-361C398FB2DD}.Debug|x86.Build.0 = Debug|Win32
		{6B2703E9-F7C3-4A18-9761-361C398FB2DD}.Release|x64.ActiveCfg = Release|x64
		{6B2703E9-F7C3-4A18-9761-361C398FB2DD}.Release|x64.Build.0 = Release|x64
		{6B2703E9-F7C3-4A18-9761-361C398FB2DD}.Release|x86.ActiveCfg = Release|Win32
		{6B2703E9-F7C3-4A18-9761-361C398FB2DD}.Release|x86.Build.0 = Release|Win32
		{C5AAC785-BD52-4303-A09D-963635791476}.Debug|x64.ActiveCfg = Debug|x64
		{C5AAC785-BD52-4303-A09D-963635791476}.Debug|x64.Build.0 = Debug|x64
		{C5AAC785-BD52-4303-A09D-963635791476}.Debug|x86.ActiveCfg = Debug|Win32
		{C5AAC785-BD52-4303-A09D-963635791476}.Debug|x86.Build.0 = Debug|Win32
		{C5AAC785-BD52-4303-A09D-963635791476}.Release|x64.ActiveCfg = Release|x64
		{C5AAC785-BD52-4303-A09D-963635791476}.Release|x64.Build.0 = Release|x64
		{C5AAC785-BD52-4303-A09D-963635791476}.Release|x86.ActiveCfg = Release|Win32
		{C5AAC785-BD52-4303-A09D-963635791476}.Release|x86.Build.0 = Release|Win32
		{0758AC5C-5B54-4ECB-A9C0-D03517C7EC8C}.Debug|x64.ActiveCfg = Debug|x64
		{0758AC5C-5B54-4ECB-A9C0-D03517C7EC8C}.Debug|x64.Build.0 = Debug|x64
		{0758AC5C-5B54-4ECB-A9C0-D03517C7EC8C}.Debug|x86.ActiveCfg = Debug|Win32
		{0758AC5C-5B54-4ECB-A9C0-D03517C7EC8C}.Debug|x86.Build.0 = Debug|Win32
		{0758AC5C-5B54-4ECB-A9C0-D03517C7EC8C}.Release|x64.ActiveCfg = Release|x64
		{0758AC5C-5B54-4ECB-A9C0-D03517C7EC8C}.Release|x64.Build.0 = Release|x64
		{0758AC5C-5B54-4ECB-A9C0-D03517C7EC8C}.Release|x86.ActiveCfg = Release|Win32
		{0758AC5C-5B54-4ECB-A9C0-D03517C7EC8C}.Release|x86.Build.0 = Release|Win32
		{DF70A023-1EAB-455B-A215-9F998A4AC6AB}.Debug|x64.ActiveCfg = Debug|x64
		{DF70A023-1EAB-455B-A215-9F998A4AC6AB}.Debug|x64.Build.0 = Debug|x64
		{DF70A023-1EAB-455B-A215-9F998A4AC6AB}.Debug|x86.ActiveCfg = Debug|Win32
		{DF70A023-1EAB-455B-A215-9F998A4AC6AB}.Debug|x86.Build.0 = Debug|Win32
		{DF70A023-1EAB-455B-A215-9F998A4AC6AB}.Release|x64.ActiveCfg = Release|x64
		{DF70A023-1EAB-455B-A215-9F998A4AC6AB}.Release|x64.Build.0 = Release|x64
		{DF70A023-1EAB-455B-A215-9F998A4AC6AB}.Release|x86.ActiveCfg = Release|Win32
		{DF70A023-1EAB-455B-A215-9F998A4AC6AB}.Release|x86.Build.0 = Release|Win32
		{B3C3B27C-1167-403C-AFBE-0518EFA131D8}.Debug|x64.ActiveCfg = Debug|x64
		{B3C3B27C-1167-403C-AFBE-0518EFA131D8}.Debug|x64.Build.0 = Debug|x64
		{B3C3B27C-1167-403C-AFBE-0518EFA131D8}.Debug|x86.ActiveCfg = Debug|Win32
		{B3C3B27C-1167-403C-AFBE-0518EFA131D8}.Debug|x86.Build.0 = Debug|Win32
		{B3C3B27C-1167-403C-AFBE-0518EFA131D8}.Release|x64.ActiveCfg = Release|x64
		{B3C3B27C-1167-403C-AFBE-0518EFA131D8}.Release|x64.Build.0 = Release|x64
		{B3C3B27C-1167-403C-AFBE-0518EFA131D8}.Release|x86.ActiveCfg = Release|Win32
		{B3C3B27C-1167-403C-AFBE-0518EFA131D8}.Release|x86.Build.0 = Release|Win32
		{CBBD2C9E-1C13-4BA2-AFE2-39635BFE303F}.Debug|x64.ActiveCfg = Debug|x64
		{CBBD2C9E-1C13-4BA2-AFE2-39635BFE303F}.Debug|x64.Build.0 = Debug|x64
		{CBBD2C9E-1C13-4BA2-AFE2-39635BFE303F}.Debug|x86.ActiveCfg = Debug|Win32
		{CBBD2C9E-1C13-4BA2-AFE2-39635BFE303F}.Debug|x86.Build.0 = Debug|Win32
		{CBBD2C9E-1C13-4BA2-AFE2-39635BFE303F}.Release|x64.ActiveCfg = Release|x64
		{CBBD2C9E-1C13-4BA2-AFE2-39635BFE303F}.Release|x64.Build.0 = Release|x64
		{CBBD2C9E-1C13-4BA2-AFE2-39635BFE303F}.Release|x86.ActiveCfg = Release|Win32
		{CBBD2C9E-1C13-4BA2-AFE2-39635BFE303F}.Release|x86.Build.0 = Release|Win32
		{A55E27A0-1F33-447E-B434-8B1CE46DF276}.Debug|x64.ActiveCfg = Debug|x64
		{A55E27A0-1F33-447E-B434-8B1CE46DF276}.Debug|x64.Build.0 = Debug|x64
		{A55E27A0-1F33-447E-B434-8B1CE46DF276}.Debug|x86.ActiveCfg = Debug|Win32
		{A55E27A0-1F33-447E-B434-8B1CE46DF276}.Debug|x86.Build.0 = Debug|Win32
		{A55E27A0-1F33-447E-B434-8B1CE46DF276}.Release|x64.ActiveCfg = Release|x64
		{A55E27A0-1F33-447E-B434-8B1CE46DF276}.Release|x64.Build.0 = Release|x64
		{A55E27A0-1F33-447E-B434-8B1CE46DF276}.Release|x86.ActiveCfg = Release|Win32
		{A55E27A0-1F33-447E-B434-8B1CE46DF276}.Release|x86.Build.0 = Release|Win32
		{998543D2-3D59-41F9-B027-FC8EB4032889}.Debug|x64.ActiveCfg = Debug|x64
		{998543D2-3D59-41F9-B027-FC8EB4032889}.Debug|x64.Build.0 = Debug|x64
		{998543D2-3D59-41F9-B027-FC8EB4032889}.Debug|x86.ActiveCfg = Debug|Win32
		{998543D2-3D59-41F9-B027-FC8EB4032889}.Debug|x86.Build.0 = Debug|Win32
		{998543D2-3D59-41F9-B027-FC8EB4032889}.Release|x64.ActiveCfg = Release|x64
		{998543D2-3D59-41F9-B027-FC8EB4032889}.Release|x64.Build.0 = Release|x64
		{998543D2-3D59-41F9-B027-FC8EB4032889}.Release|x86.ActiveCfg = Release|Win32
		{998543D2-3D59-41F9-B027-FC8EB4032889}.Release|x86.Build.0 = Release|Win32
		{35583BAA-9495-4F14-8116-0F472FB80736}.Debug|x64.ActiveCfg = Debug|x64
		{35583BAA-9495-4F14-8116-0F472FB80736}.Debug|x64.Build.0 = Debug|x64
		{35583BAA-9495-4F14-8116-0F472FB80736}.Debug|x86.ActiveCfg = Debug|Win32
		{35583BAA-9495-4F14-8116-0F472FB80736}.Debug|x86.Build.0 = Debug|Win32
		{35583BAA-9495-4F14-8116-0F472FB80736}.Release|x64.ActiveCfg = Release|x64
		{35583BAA-9495-4F14-8116-0F472FB80736}.Release|x64.Build.0 = Release|x64
		{35583BAA-9495-4F14-8116-0F472FB80736}.Release|x86.ActiveCfg = Release|Win32
		{35583BAA-9495-4F14-8116-0F472FB80736}.Release|x86.Build.0 = Release|Win32
		{E0B0B4AE-3294-4520-826E-0651B9D3F219}.Debug|x64.ActiveCfg = Debug|x64
		{E0B0B4AE-3294-4520-826E-0651B9D3F219}.Debug|x64.Build.0 = Debug|x64
		{E0B0B4AE-3294-4520-826E-0651B9D3F219}.Debug|x86.ActiveCfg = Debug|Win32
		{E0B0B4AE-3294-4520-826E-0651B9D3F219}.Debug|x86.Build.0 = Debug|Win32
		{E0B0B4AE-3294-4520-826E-0651B9D3F219}.Release|x64.ActiveCfg = Release|x64
		{E0B0B4AE-3294-4520-826E-0651B9D3F219}.Release|x64.Build.0 = Release|x64
		{E0B0B4AE-3294-4520-826E-0651B9D3F219}.Release|x86.ActiveCfg = Release|Win32
		{E0B0B4AE-3294-4520-826E-0651B9D3F219}.Release|x86.Build.0 = Release|Win32
		{0EEDE005-A182-48F9-A276-A91986A7B43C}.Debug|x64.ActiveCfg = Debug|x64
		{0EEDE005-A182-48F9-A276-A91986A7B43C}.Debug|x64.Build.0 = Debug|x64
		{0EEDE005-A182-48F9-A276-A91986A7B43C}.Debug|x86.ActiveCfg = Debug|Win32
		{0EEDE005-A182-48F9-A276-A91986A7B43C}.Debug|x86.Build.0 = Debug|Win32
		{0EEDE005-A182-48F9-A276-A91986A7B43C}.Release|x64.ActiveCfg = Release|x64
		{0EEDE005-A182-48F9-A276-A91986A7B43C}.Release|x64.Build.0 = Release|x64
		{0EEDE005-A182-48F9-A276-A91986A7B43C}.Release|x86.ActiveCfg = Release|Win32
		{0EEDE005-A182-48F9-A276-A91986A7B43C}.Release|x86.Build.0 = Release|Win32
		{BD03F51F-2D72-45F7-B315-1C81ECE9C87A}.Debug|x64.ActiveCfg = Debug|x64
		{BD03F51F-2D72-45F7-B315-1C81ECE9C87A}.Debug|x64.Build.0 = Debug|x64
		{BD03F51F-2D72-45F7-B315-1C81ECE9C87A}.Debug|x86.ActiveCfg = Debug|Win32
		{BD03F51F-2D72-45F7-B315-1C81ECE9C87A}.Debug|x86.Build.0 = Debug|Win32
		{BD03F51F-2D72-45F7-B315-1C81ECE9C87A}.Release|x64.ActiveCfg = Release|x64
		{BD03F51F-2D72-45F7-B315-1C81ECE9C87A}.Release|x64.Build.0 = Release|x64
		{BD03F51F-2D72-45F7-B315-1C81ECE9C87A}.Release|x86.ActiveCfg = Release|Win32
		{BD03F51F-2D72-45F7-B315-1C81ECE9C87A}.Release|x86.Build.0 = Release|Win32
		{A7F956E6-6881-46DB-8FE7-513B7967BF5E}.Debug|x64.ActiveCfg = Debug|x64
		{A7F956E6-6881-46DB-8FE7-513B7967BF5E}.Debug|x64.Build.0 = Debug|x64
		{A7F956E6-6881-46DB-8FE7-513B7967BF5E}.Debug|x86.ActiveCfg = Debug|Win32
		{A7F956E6-6881-46DB-8FE7-513B7967BF5E}.Debug|x86.Build.0 = Debug|Win32
		{A7F956E6-6881-46DB-8FE7-513B7967BF5E}.Release|x64.ActiveCfg = Release|x64
		{A7F956E6-6881-46DB-8FE7-513B7967BF5E}.Release|x64.Build.0 = Release|x64
		{A7F956E6-6881-46DB-8FE7-513B7967BF5E}.Release|x86.ActiveCfg = Release|Win32
		{A7F956E6-6881-46DB-8FE7-513B7967BF5E}.Release|x86.Build.0 = Release|Win32
		{06FB0026-DDAC-4FB7-9577-17F11D2703DB}.Debug|x64.ActiveCfg = Debug|x64
		{06FB0026-DDAC-4FB7-9577-17F11D2703DB}.Debug|x64.Build.0 = Debug|x64
		{06FB0026-DDAC-4FB7-9577-17F11D2703DB}.Debug|x86.ActiveCfg = Debug|Win32
		{06FB0026-DDAC-4FB7-9577-17F11D2703DB}.Debug|x86.Build.0 = Debug|Win32
		{06FB0026-DDAC-4FB7-9577-17F11D2703DB}.Release|x64.ActiveCfg = Release|x64
		{06FB0026-DDAC-4FB7-9577-17F11D2703DB}.Release|x64.Build.0 = Release|x64
		{06FB0026-DDAC-4FB7-9577-17F11D2703DB}.Release|x86.ActiveCfg = Release|Win32
		{06FB0026-DDAC-4FB7-9577-17F11D2703DB}.Release|x86.Build.0 = Release|Win32
		{C7914C9C-BBEF-47F7-8E9A-BEF82EE5DF4B}.Debug|x64.ActiveCfg = Debug|x64
		{C7914C9C-BBEF-47F7-8E9A-BEF82EE5DF4B}.Debug|x64.Build.0 = Debug|x64
		{C7914C9C-BBEF-47F7-8E9A-BEF82EE5DF4B}.Debug|x86.ActiveCfg = Debug|Win32
		{C7914C9C-BBEF-47F7-8E9A-BEF82EE5DF4B}.Debug|x86.Build.0 = Debug|Win32
		{C7914C9C-BBEF-47F7-8E9A-BEF82EE5DF4B}.Release|x64.ActiveCfg = Release|x64
		{C7914C9C-BBEF-47F7-8E9A-BEF82EE5DF4B}.Release|x64.Build.0 = Release|x64
		{C7914C9C-BBEF-47F7-8E9A-BEF82EE5DF4B}.Release|x86.ActiveCfg = Release|Win32
		{C7914C9C-BBEF-47F7-8E9A-BEF82EE5DF4B}.Release|x86.Build.0 = Release|Win32
		{115B9F37-64B8-4A0C-B2BA-7785DD730C12}.Debug|x64.ActiveCfg = Debug|x64
		{115B9F37-64B8-4A0C-B2BA-7785DD730C12}.Debug|x64.Build.0 = Debug|x64
		{115B9F37-64B8-4A0C-B2BA-7785DD730C12}.Debug|x86.ActiveCfg = Debug|Win32
		{115B9F37-64B8-4A0C-B2BA-7785DD730C12}.Debug|x86.Build.0 = Debug|Win32
		{115B9F37-64B8-4A0C-B2BA-7785DD730C12}.Release|x64.ActiveCfg = Release|x64
		{115B9F37-64B8-4A0C-B2BA-7785DD730C12}.Release|x64.Build.0 = Release|x64
		{115B9F37-64B8-4A0C-B2BA-7785DD730C12}.Release|x86.ActiveCfg = Release|Win32
		{115B9F37-64B8-4A0C-B2BA-7785DD730C12}.Release|x86.Build.0 = Release|Win32
		{8024E129-D1C0-4EEE-9985-D6EA9D3E1F9C}.Debug|x64.ActiveCfg = Debug|x64
		{8024E129-D1C0-4EEE-9985-D6EA9D3E1F9C}.Debug|x64.Build.0 = Debug|x64
		{8024E129-D1C0-4EEE-9985-D6EA9D3E1F9C}.Debug|x86.ActiveCfg = Debug|Win32
		{8024E129-D1C0-4EEE-9985-D6EA9D3E1F9C}.Debug|x86.Build.0 = Debug|Win32
		{8024E129-D1C0-4EEE-9985-D6EA9D3E1F9C}.Release|x64.ActiveCfg = Release|x64
		{8024E129-D1C0-4EEE-9985-D6EA9D3E1F9C}.Release|x64.Build.0 = Release|x64
		{8024E129-D1C0-4EEE-9985-D6EA9D3E1F9C}.Release|x86.ActiveCfg = Release|Win32
		{8024E129-D1C0-4EEE-9985-D6EA9D3E1F9C}.Release|x86.Build.0 = Release|Win32
		{3D9FA405-E048-4EC7-8A1D-F973E6FE4165}.Debug|x64.ActiveCfg = Debug|x64
		{3D9FA405-E048-4EC7-8A1D-F973E6FE4165}.Debug|x64.Build.0 = Debug|x64
		{3D9FA405-E048-4EC7-8A1D-F973E6FE4165}.Debug|x86.ActiveCfg = Debug|Win32
		{3D9FA405-E048-4EC7-8A1D-F973E6FE4165}.Debug|x86.Build.0 = Debug|Win32
		{3D9FA405-E048-4EC7-8A1D-F973E6FE4165}.Release|x64.ActiveCfg = Release|x64
		{3D9FA405-E048-4EC7-8A1D-F973E6FE4165}.Release|x64.Build.0 = Release|x64
		{3D9FA405-E048-4EC7-8A1D-F973E6FE4165}.Release|x86.ActiveCfg = Release|Win32
		{3D9FA405-E048-4EC7-8A1D-F973E6FE4165}.Release|x86.Build.0 = Release|Win32
		{8CA5A876-F2A6-4556-B8E1-2B84EBF01629}.Debug|x64.ActiveCfg = Debug|x64
		{8CA5A876-F2A6-4556-B8E1-2B84EBF01629}.Debug|x64.Build.0 = Debug|x64
		{8CA5A876-F2A6-4556-B8E1-2B84EBF01629}.Debug|x86.ActiveCfg = Debug|Win32
		{8CA5A876-F2A6-4556-B8E1-2B84EBF01629}.Debug|x86.Build.0 = Debug|Win32
		{8CA5A876-F2A6-4556-B8E1-2B84EBF01629}.Release|x64.ActiveCfg = Release|x64
		{8CA5A876-F2A6-4556-B8E1-2B84EBF01629}.Release|x64.Build.0 = Release|x64
		{8CA5A876-F2A6-4556-B8E1-2B84EBF01629}.Release|x86.ActiveCfg = Release|Win32
		{8CA5A876-F2A6-4556-B8E1-2B84EBF01629}.Release|x86.Build.0 = Release|Win32
	EndGlobalSection
	GlobalSection(SolutionProperties) = preSolution
		HideSolutionNode = FALSE
	EndGlobalSection
	GlobalSection(ExtensibilityGlobals) = postSolution
		SolutionGuid = {A8E40D80-796D-45A0-8D7E-4C408BD9010A}
	EndGlobalSection
EndGlobal
